// !$*UTF8*$!
{
	archiveVersion = 1;
	objectVersion = 56;
	classes = {};
	objects = {

/* Begin PBXBuildFile section */
		A10000000000000000000001 /* main.swift in Sources */ = {isa = PBXBuildFile; fileRef = A20000000000000000000001 /* main.swift */; };
		A10000000000000000000002 /* PiWebApp.swift in Sources */ = {isa = PBXBuildFile; fileRef = A20000000000000000000002 /* PiWebApp.swift */; };
		A10000000000000000000003 /* PreferencesWindowController.swift in Sources */ = {isa = PBXBuildFile; fileRef = A20000000000000000000003 /* PreferencesWindowController.swift */; };
		A10000000000000000000004 /* ServiceConfiguration.swift in Sources */ = {isa = PBXBuildFile; fileRef = A20000000000000000000004 /* ServiceConfiguration.swift */; };
		A10000000000000000000005 /* ApplicationIcon.icns in Resources */ = {isa = PBXBuildFile; fileRef = A20000000000000000000005 /* ApplicationIcon.icns */; };
		A10000000000000000000006 /* ServiceConfigurationTests.swift in Sources */ = {isa = PBXBuildFile; fileRef = A20000000000000000000006 /* ServiceConfigurationTests.swift */; };
		A10000000000000000000007 /* ServiceConfiguration.swift in Test Sources */ = {isa = PBXBuildFile; fileRef = A20000000000000000000004 /* ServiceConfiguration.swift */; };
		A10000000000000000000008 /* AppConfiguration.swift in Sources */ = {isa = PBXBuildFile; fileRef = A2000000000000000000000A /* AppConfiguration.swift */; };
		A10000000000000000000009 /* ProcessInspector.swift in Sources */ = {isa = PBXBuildFile; fileRef = A2000000000000000000000B /* ProcessInspector.swift */; };
		A1000000000000000000000A /* DiagnosticsCollector.swift in Sources */ = {isa = PBXBuildFile; fileRef = A2000000000000000000000C /* DiagnosticsCollector.swift */; };
		A1000000000000000000000B /* AppConfiguration.swift in Test Sources */ = {isa = PBXBuildFile; fileRef = A2000000000000000000000A /* AppConfiguration.swift */; };
		A1000000000000000000000C /* ProcessInspector.swift in Test Sources */ = {isa = PBXBuildFile; fileRef = A2000000000000000000000B /* ProcessInspector.swift */; };
		A1000000000000000000000D /* DiagnosticsCollector.swift in Test Sources */ = {isa = PBXBuildFile; fileRef = A2000000000000000000000C /* DiagnosticsCollector.swift */; };
		A1000000000000000000000E /* AppConfigurationTests.swift in Test Sources */ = {isa = PBXBuildFile; fileRef = A2000000000000000000000D /* AppConfigurationTests.swift */; };
		A1000000000000000000000F /* DiagnosticsCollectorTests.swift in Test Sources */ = {isa = PBXBuildFile; fileRef = A2000000000000000000000E /* DiagnosticsCollectorTests.swift */; };
		A10000000000000000000010 /* ProcessInspectorTests.swift in Test Sources */ = {isa = PBXBuildFile; fileRef = A2000000000000000000000F /* ProcessInspectorTests.swift */; };
		A10000000000000000000011 /* ServiceManager.swift in Sources */ = {isa = PBXBuildFile; fileRef = A20000000000000000000010 /* ServiceManager.swift */; };
		A10000000000000000000012 /* WebViewController.swift in Sources */ = {isa = PBXBuildFile; fileRef = A20000000000000000000011 /* WebViewController.swift */; };
		A10000000000000000000013 /* WebViewNavigationPolicy.swift in Sources */ = {isa = PBXBuildFile; fileRef = A20000000000000000000012 /* WebViewNavigationPolicy.swift */; };
		A10000000000000000000014 /* ServiceManager.swift in Test Sources */ = {isa = PBXBuildFile; fileRef = A20000000000000000000010 /* ServiceManager.swift */; };
		A10000000000000000000015 /* WebViewNavigationPolicy.swift in Test Sources */ = {isa = PBXBuildFile; fileRef = A20000000000000000000012 /* WebViewNavigationPolicy.swift */; };
		A10000000000000000000016 /* ServiceManagerTests.swift in Test Sources */ = {isa = PBXBuildFile; fileRef = A20000000000000000000013 /* ServiceManagerTests.swift */; };
		A10000000000000000000017 /* WebViewNavigationPolicyTests.swift in Test Sources */ = {isa = PBXBuildFile; fileRef = A20000000000000000000014 /* WebViewNavigationPolicyTests.swift */; };
		A10000000000000000000018 /* ServiceOwnership.swift in Sources */ = {isa = PBXBuildFile; fileRef = A20000000000000000000015 /* ServiceOwnership.swift */; };
		A10000000000000000000019 /* ServiceOwnership.swift in Test Sources */ = {isa = PBXBuildFile; fileRef = A20000000000000000000015 /* ServiceOwnership.swift */; };
		A1000000000000000000001A /* ServiceOwnershipTests.swift in Test Sources */ = {isa = PBXBuildFile; fileRef = A20000000000000000000016 /* ServiceOwnershipTests.swift */; };
		A1000000000000000000001B /* DependencyChecker.swift in Sources */ = {isa = PBXBuildFile; fileRef = A20000000000000000000017 /* DependencyChecker.swift */; };
		A1000000000000000000001C /* InstallCommandManifest.swift in Sources */ = {isa = PBXBuildFile; fileRef = A20000000000000000000018 /* InstallCommandManifest.swift */; };
		A1000000000000000000001D /* DiagnosticsWindowController.swift in Sources */ = {isa = PBXBuildFile; fileRef = A20000000000000000000019 /* DiagnosticsWindowController.swift */; };
		A1000000000000000000001E /* DependencyChecker.swift in Test Sources */ = {isa = PBXBuildFile; fileRef = A20000000000000000000017 /* DependencyChecker.swift */; };
		A1000000000000000000001F /* InstallCommandManifest.swift in Test Sources */ = {isa = PBXBuildFile; fileRef = A20000000000000000000018 /* InstallCommandManifest.swift */; };
		A10000000000000000000020 /* DependencyCheckerTests.swift in Test Sources */ = {isa = PBXBuildFile; fileRef = A2000000000000000000001A /* DependencyCheckerTests.swift */; };
		A10000000000000000000021 /* FirstLaunchDiagnostics.swift in Sources */ = {isa = PBXBuildFile; fileRef = A2000000000000000000001B /* FirstLaunchDiagnostics.swift */; };
		A10000000000000000000022 /* FirstLaunchDiagnostics.swift in Test Sources */ = {isa = PBXBuildFile; fileRef = A2000000000000000000001B /* FirstLaunchDiagnostics.swift */; };
		A10000000000000000000023 /* FirstLaunchDiagnosticsTests.swift in Test Sources */ = {isa = PBXBuildFile; fileRef = A2000000000000000000001C /* FirstLaunchDiagnosticsTests.swift */; };
		A10000000000000000000024 /* KeychainStore.swift in Sources */ = {isa = PBXBuildFile; fileRef = A2000000000000000000001D /* KeychainStore.swift */; };
		A10000000000000000000025 /* KeychainStore.swift in Test Sources */ = {isa = PBXBuildFile; fileRef = A2000000000000000000001D /* KeychainStore.swift */; };
		A10000000000000000000026 /* KeychainStoreTests.swift in Test Sources */ = {isa = PBXBuildFile; fileRef = A2000000000000000000001E /* KeychainStoreTests.swift */; };
		A10000000000000000000027 /* AppPaths.swift in Sources */ = {isa = PBXBuildFile; fileRef = A2000000000000000000001F /* AppPaths.swift */; };
		A10000000000000000000028 /* AppPaths.swift in Test Sources */ = {isa = PBXBuildFile; fileRef = A2000000000000000000001F /* AppPaths.swift */; };
		A10000000000000000000029 /* WorkspaceDirectory.swift in Sources */ = {isa = PBXBuildFile; fileRef = A20000000000000000000020 /* WorkspaceDirectory.swift */; };
		A1000000000000000000002A /* WorkspaceDirectory.swift in Test Sources */ = {isa = PBXBuildFile; fileRef = A20000000000000000000020 /* WorkspaceDirectory.swift */; };
		A1000000000000000000002B /* QuitPolicy.swift in Sources */ = {isa = PBXBuildFile; fileRef = A20000000000000000000021 /* QuitPolicy.swift */; };
		A1000000000000000000002C /* QuitPolicy.swift in Test Sources */ = {isa = PBXBuildFile; fileRef = A20000000000000000000021 /* QuitPolicy.swift */; };
		A1000000000000000000002D /* QuitPolicyTests.swift in Test Sources */ = {isa = PBXBuildFile; fileRef = A20000000000000000000022 /* QuitPolicyTests.swift */; };
		A1000000000000000000002E /* WorkspaceDirectoryTests.swift in Test Sources */ = {isa = PBXBuildFile; fileRef = A20000000000000000000023 /* WorkspaceDirectoryTests.swift */; };
		A1000000000000000000002F /* LogRedactor.swift in Sources */ = {isa = PBXBuildFile; fileRef = A20000000000000000000024 /* LogRedactor.swift */; };
		A10000000000000000000030 /* LogRedactor.swift in Test Sources */ = {isa = PBXBuildFile; fileRef = A20000000000000000000024 /* LogRedactor.swift */; };
		A10000000000000000000031 /* LogWriter.swift in Sources */ = {isa = PBXBuildFile; fileRef = A20000000000000000000025 /* LogWriter.swift */; };
		A10000000000000000000032 /* LogWriter.swift in Test Sources */ = {isa = PBXBuildFile; fileRef = A20000000000000000000025 /* LogWriter.swift */; };
		A10000000000000000000033 /* DiagnosticsClipboard.swift in Sources */ = {isa = PBXBuildFile; fileRef = A20000000000000000000026 /* DiagnosticsClipboard.swift */; };
		A10000000000000000000034 /* LogRedactorTests.swift in Test Sources */ = {isa = PBXBuildFile; fileRef = A20000000000000000000027 /* LogRedactorTests.swift */; };
		A10000000000000000000035 /* LogWriterTests.swift in Test Sources */ = {isa = PBXBuildFile; fileRef = A20000000000000000000028 /* LogWriterTests.swift */; };
		A10000000000000000000036 /* ServiceIntegrationTests.swift in Test Sources */ = {isa = PBXBuildFile; fileRef = A20000000000000000000029 /* ServiceIntegrationTests.swift */; };
		A10000000000000000000037 /* ComponentInstallation.swift in Sources */ = {isa = PBXBuildFile; fileRef = A2000000000000000000002A /* ComponentInstallation.swift */; };
		A10000000000000000000038 /* ComponentInstallation.swift in Test Sources */ = {isa = PBXBuildFile; fileRef = A2000000000000000000002A /* ComponentInstallation.swift */; };
		A10000000000000000000039 /* ComponentInstallationTests.swift in Test Sources */ = {isa = PBXBuildFile; fileRef = A2000000000000000000002B /* ComponentInstallationTests.swift */; };
		A1000000000000000000003A /* UpdateChecker.swift in Sources */ = {isa = PBXBuildFile; fileRef = A2000000000000000000002C /* UpdateChecker.swift */; };
		A1000000000000000000003B /* UpdateChecker.swift in Test Sources */ = {isa = PBXBuildFile; fileRef = A2000000000000000000002C /* UpdateChecker.swift */; };
		A1000000000000000000003C /* UpdateCheckerTests.swift in Test Sources */ = {isa = PBXBuildFile; fileRef = A2000000000000000000002D /* UpdateCheckerTests.swift */; };
		A1000000000000000000003D /* UpdateSettings.swift in Sources */ = {isa = PBXBuildFile; fileRef = A2000000000000000000002E /* UpdateSettings.swift */; };
		A1000000000000000000003E /* UpdateSettings.swift in Test Sources */ = {isa = PBXBuildFile; fileRef = A2000000000000000000002E /* UpdateSettings.swift */; };
		A1000000000000000000003F /* UpdateSettingsWindowController.swift in Sources */ = {isa = PBXBuildFile; fileRef = A2000000000000000000002F /* UpdateSettingsWindowController.swift */; };
		A10000000000000000000040 /* UpdateSettingsTests.swift in Test Sources */ = {isa = PBXBuildFile; fileRef = A20000000000000000000030 /* UpdateSettingsTests.swift */; };
		A10000000000000000000041 /* PiWebUpdateAdapter.swift in Sources */ = {isa = PBXBuildFile; fileRef = A20000000000000000000031 /* PiWebUpdateAdapter.swift */; };
		A10000000000000000000042 /* PiWebUpdateAdapter.swift in Test Sources */ = {isa = PBXBuildFile; fileRef = A20000000000000000000031 /* PiWebUpdateAdapter.swift */; };
		A10000000000000000000043 /* PiWebUpdateAdapterTests.swift in Test Sources */ = {isa = PBXBuildFile; fileRef = A20000000000000000000032 /* PiWebUpdateAdapterTests.swift */; };
		A10000000000000000000044 /* PiProcessInspector.swift in Sources */ = {isa = PBXBuildFile; fileRef = A20000000000000000000033 /* PiProcessInspector.swift */; };
		A10000000000000000000045 /* PiProcessInspector.swift in Test Sources */ = {isa = PBXBuildFile; fileRef = A20000000000000000000033 /* PiProcessInspector.swift */; };
		A10000000000000000000046 /* PiCLIUpdateAdapter.swift in Sources */ = {isa = PBXBuildFile; fileRef = A20000000000000000000034 /* PiCLIUpdateAdapter.swift */; };
		A10000000000000000000047 /* PiCLIUpdateAdapter.swift in Test Sources */ = {isa = PBXBuildFile; fileRef = A20000000000000000000034 /* PiCLIUpdateAdapter.swift */; };
		A10000000000000000000048 /* PiProcessInspectorTests.swift in Test Sources */ = {isa = PBXBuildFile; fileRef = A20000000000000000000035 /* PiProcessInspectorTests.swift */; };
		A10000000000000000000049 /* PiCLIUpdateAdapterTests.swift in Test Sources */ = {isa = PBXBuildFile; fileRef = A20000000000000000000036 /* PiCLIUpdateAdapterTests.swift */; };
/* End PBXBuildFile section */

/* Begin PBXFileReference section */
		A20000000000000000000001 /* main.swift */ = {isa = PBXFileReference; lastKnownFileType = sourcecode.swift; path = main.swift; sourceTree = "<group>"; };
		A20000000000000000000002 /* PiWebApp.swift */ = {isa = PBXFileReference; lastKnownFileType = sourcecode.swift; path = PiWebApp.swift; sourceTree = "<group>"; };
		A20000000000000000000003 /* PreferencesWindowController.swift */ = {isa = PBXFileReference; lastKnownFileType = sourcecode.swift; path = PreferencesWindowController.swift; sourceTree = "<group>"; };
		A20000000000000000000004 /* ServiceConfiguration.swift */ = {isa = PBXFileReference; lastKnownFileType = sourcecode.swift; path = ServiceConfiguration.swift; sourceTree = "<group>"; };
		A20000000000000000000005 /* ApplicationIcon.icns */ = {isa = PBXFileReference; lastKnownFileType = image.icns; path = ApplicationIcon.icns; sourceTree = "<group>"; };
		A20000000000000000000006 /* ServiceConfigurationTests.swift */ = {isa = PBXFileReference; lastKnownFileType = sourcecode.swift; path = ServiceConfigurationTests.swift; sourceTree = "<group>"; };
		A20000000000000000000007 /* PiWebDesktop.app */ = {isa = PBXFileReference; explicitFileType = wrapper.application; includeInIndex = 0; path = PiWebDesktop.app; sourceTree = BUILT_PRODUCTS_DIR; };
		A20000000000000000000008 /* PiWebDesktopTests.xctest */ = {isa = PBXFileReference; explicitFileType = wrapper.cfbundle; includeInIndex = 0; path = PiWebDesktopTests.xctest; sourceTree = BUILT_PRODUCTS_DIR; };
		A20000000000000000000009 /* AppIdentity.xcconfig */ = {isa = PBXFileReference; lastKnownFileType = text.xcconfig; path = AppIdentity.xcconfig; sourceTree = "<group>"; };
		A2000000000000000000000A /* AppConfiguration.swift */ = {isa = PBXFileReference; lastKnownFileType = sourcecode.swift; path = AppConfiguration.swift; sourceTree = "<group>"; };
		A2000000000000000000000B /* ProcessInspector.swift */ = {isa = PBXFileReference; lastKnownFileType = sourcecode.swift; path = ProcessInspector.swift; sourceTree = "<group>"; };
		A2000000000000000000000C /* DiagnosticsCollector.swift */ = {isa = PBXFileReference; lastKnownFileType = sourcecode.swift; path = DiagnosticsCollector.swift; sourceTree = "<group>"; };
		A2000000000000000000000D /* AppConfigurationTests.swift */ = {isa = PBXFileReference; lastKnownFileType = sourcecode.swift; path = AppConfigurationTests.swift; sourceTree = "<group>"; };
		A2000000000000000000000E /* DiagnosticsCollectorTests.swift */ = {isa = PBXFileReference; lastKnownFileType = sourcecode.swift; path = DiagnosticsCollectorTests.swift; sourceTree = "<group>"; };
		A2000000000000000000000F /* ProcessInspectorTests.swift */ = {isa = PBXFileReference; lastKnownFileType = sourcecode.swift; path = ProcessInspectorTests.swift; sourceTree = "<group>"; };
		A20000000000000000000010 /* ServiceManager.swift */ = {isa = PBXFileReference; lastKnownFileType = sourcecode.swift; path = ServiceManager.swift; sourceTree = "<group>"; };
		A20000000000000000000011 /* WebViewController.swift */ = {isa = PBXFileReference; lastKnownFileType = sourcecode.swift; path = WebViewController.swift; sourceTree = "<group>"; };
		A20000000000000000000012 /* WebViewNavigationPolicy.swift */ = {isa = PBXFileReference; lastKnownFileType = sourcecode.swift; path = WebViewNavigationPolicy.swift; sourceTree = "<group>"; };
		A20000000000000000000013 /* ServiceManagerTests.swift */ = {isa = PBXFileReference; lastKnownFileType = sourcecode.swift; path = ServiceManagerTests.swift; sourceTree = "<group>"; };
		A20000000000000000000014 /* WebViewNavigationPolicyTests.swift */ = {isa = PBXFileReference; lastKnownFileType = sourcecode.swift; path = WebViewNavigationPolicyTests.swift; sourceTree = "<group>"; };
		A20000000000000000000015 /* ServiceOwnership.swift */ = {isa = PBXFileReference; lastKnownFileType = sourcecode.swift; path = ServiceOwnership.swift; sourceTree = "<group>"; };
		A20000000000000000000016 /* ServiceOwnershipTests.swift */ = {isa = PBXFileReference; lastKnownFileType = sourcecode.swift; path = ServiceOwnershipTests.swift; sourceTree = "<group>"; };
		A20000000000000000000017 /* DependencyChecker.swift */ = {isa = PBXFileReference; lastKnownFileType = sourcecode.swift; path = DependencyChecker.swift; sourceTree = "<group>"; };
		A20000000000000000000018 /* InstallCommandManifest.swift */ = {isa = PBXFileReference; lastKnownFileType = sourcecode.swift; path = InstallCommandManifest.swift; sourceTree = "<group>"; };
		A20000000000000000000019 /* DiagnosticsWindowController.swift */ = {isa = PBXFileReference; lastKnownFileType = sourcecode.swift; path = DiagnosticsWindowController.swift; sourceTree = "<group>"; };
		A2000000000000000000001A /* DependencyCheckerTests.swift */ = {isa = PBXFileReference; lastKnownFileType = sourcecode.swift; path = DependencyCheckerTests.swift; sourceTree = "<group>"; };
		A2000000000000000000001B /* FirstLaunchDiagnostics.swift */ = {isa = PBXFileReference; lastKnownFileType = sourcecode.swift; path = FirstLaunchDiagnostics.swift; sourceTree = "<group>"; };
		A2000000000000000000001C /* FirstLaunchDiagnosticsTests.swift */ = {isa = PBXFileReference; lastKnownFileType = sourcecode.swift; path = FirstLaunchDiagnosticsTests.swift; sourceTree = "<group>"; };
		A2000000000000000000001D /* KeychainStore.swift */ = {isa = PBXFileReference; lastKnownFileType = sourcecode.swift; path = KeychainStore.swift; sourceTree = "<group>"; };
		A2000000000000000000001E /* KeychainStoreTests.swift */ = {isa = PBXFileReference; lastKnownFileType = sourcecode.swift; path = KeychainStoreTests.swift; sourceTree = "<group>"; };
		A2000000000000000000001F /* AppPaths.swift */ = {isa = PBXFileReference; lastKnownFileType = sourcecode.swift; path = AppPaths.swift; sourceTree = "<group>"; };
		A20000000000000000000020 /* WorkspaceDirectory.swift */ = {isa = PBXFileReference; lastKnownFileType = sourcecode.swift; path = WorkspaceDirectory.swift; sourceTree = "<group>"; };
		A20000000000000000000021 /* QuitPolicy.swift */ = {isa = PBXFileReference; lastKnownFileType = sourcecode.swift; path = QuitPolicy.swift; sourceTree = "<group>"; };
		A20000000000000000000022 /* QuitPolicyTests.swift */ = {isa = PBXFileReference; lastKnownFileType = sourcecode.swift; path = QuitPolicyTests.swift; sourceTree = "<group>"; };
		A20000000000000000000023 /* WorkspaceDirectoryTests.swift */ = {isa = PBXFileReference; lastKnownFileType = sourcecode.swift; path = WorkspaceDirectoryTests.swift; sourceTree = "<group>"; };
		A20000000000000000000024 /* LogRedactor.swift */ = {isa = PBXFileReference; lastKnownFileType = sourcecode.swift; path = LogRedactor.swift; sourceTree = "<group>"; };
		A20000000000000000000025 /* LogWriter.swift */ = {isa = PBXFileReference; lastKnownFileType = sourcecode.swift; path = LogWriter.swift; sourceTree = "<group>"; };
		A20000000000000000000026 /* DiagnosticsClipboard.swift */ = {isa = PBXFileReference; lastKnownFileType = sourcecode.swift; path = DiagnosticsClipboard.swift; sourceTree = "<group>"; };
		A20000000000000000000027 /* LogRedactorTests.swift */ = {isa = PBXFileReference; lastKnownFileType = sourcecode.swift; path = LogRedactorTests.swift; sourceTree = "<group>"; };
		A20000000000000000000028 /* LogWriterTests.swift */ = {isa = PBXFileReference; lastKnownFileType = sourcecode.swift; path = LogWriterTests.swift; sourceTree = "<group>"; };
		A20000000000000000000029 /* ServiceIntegrationTests.swift */ = {isa = PBXFileReference; lastKnownFileType = sourcecode.swift; path = ServiceIntegrationTests.swift; sourceTree = "<group>"; };
		A2000000000000000000002A /* ComponentInstallation.swift */ = {isa = PBXFileReference; lastKnownFileType = sourcecode.swift; path = ComponentInstallation.swift; sourceTree = "<group>"; };
		A2000000000000000000002B /* ComponentInstallationTests.swift */ = {isa = PBXFileReference; lastKnownFileType = sourcecode.swift; path = ComponentInstallationTests.swift; sourceTree = "<group>"; };
		A2000000000000000000002C /* UpdateChecker.swift */ = {isa = PBXFileReference; lastKnownFileType = sourcecode.swift; path = UpdateChecker.swift; sourceTree = "<group>"; };
		A2000000000000000000002D /* UpdateCheckerTests.swift */ = {isa = PBXFileReference; lastKnownFileType = sourcecode.swift; path = UpdateCheckerTests.swift; sourceTree = "<group>"; };
		A2000000000000000000002E /* UpdateSettings.swift */ = {isa = PBXFileReference; lastKnownFileType = sourcecode.swift; path = UpdateSettings.swift; sourceTree = "<group>"; };
		A2000000000000000000002F /* UpdateSettingsWindowController.swift */ = {isa = PBXFileReference; lastKnownFileType = sourcecode.swift; path = UpdateSettingsWindowController.swift; sourceTree = "<group>"; };
		A20000000000000000000030 /* UpdateSettingsTests.swift */ = {isa = PBXFileReference; lastKnownFileType = sourcecode.swift; path = UpdateSettingsTests.swift; sourceTree = "<group>"; };
		A20000000000000000000031 /* PiWebUpdateAdapter.swift */ = {isa = PBXFileReference; lastKnownFileType = sourcecode.swift; path = PiWebUpdateAdapter.swift; sourceTree = "<group>"; };
		A20000000000000000000032 /* PiWebUpdateAdapterTests.swift */ = {isa = PBXFileReference; lastKnownFileType = sourcecode.swift; path = PiWebUpdateAdapterTests.swift; sourceTree = "<group>"; };
		A20000000000000000000033 /* PiProcessInspector.swift */ = {isa = PBXFileReference; lastKnownFileType = sourcecode.swift; path = PiProcessInspector.swift; sourceTree = "<group>"; };
		A20000000000000000000034 /* PiCLIUpdateAdapter.swift */ = {isa = PBXFileReference; lastKnownFileType = sourcecode.swift; path = PiCLIUpdateAdapter.swift; sourceTree = "<group>"; };
		A20000000000000000000035 /* PiProcessInspectorTests.swift */ = {isa = PBXFileReference; lastKnownFileType = sourcecode.swift; path = PiProcessInspectorTests.swift; sourceTree = "<group>"; };
		A20000000000000000000036 /* PiCLIUpdateAdapterTests.swift */ = {isa = PBXFileReference; lastKnownFileType = sourcecode.swift; path = PiCLIUpdateAdapterTests.swift; sourceTree = "<group>"; };
/* End PBXFileReference section */

/* Begin PBXFrameworksBuildPhase section */
		A30000000000000000000001 /* Frameworks */ = {isa = PBXFrameworksBuildPhase; buildActionMask = 2147483647; files = (); runOnlyForDeploymentPostprocessing = 0; };
		A30000000000000000000002 /* Frameworks */ = {isa = PBXFrameworksBuildPhase; buildActionMask = 2147483647; files = (); runOnlyForDeploymentPostprocessing = 0; };
/* End PBXFrameworksBuildPhase section */

/* Begin PBXGroup section */
		A40000000000000000000001 = {isa = PBXGroup; children = (A40000000000000000000002, A40000000000000000000003, A40000000000000000000004, A40000000000000000000005, A40000000000000000000006); sourceTree = "<group>"; };
		A40000000000000000000002 /* Sources */ = {isa = PBXGroup; children = (A20000000000000000000001, A20000000000000000000002, A20000000000000000000003, A20000000000000000000004, A2000000000000000000000A, A2000000000000000000001F, A2000000000000000000000B, A2000000000000000000002A, A2000000000000000000002C, A2000000000000000000002E, A20000000000000000000031, A20000000000000000000033, A20000000000000000000034, A2000000000000000000000C, A20000000000000000000017, A2000000000000000000001B, A20000000000000000000018, A20000000000000000000019, A2000000000000000000002F, A2000000000000000000001D, A20000000000000000000010, A20000000000000000000011, A20000000000000000000012, A20000000000000000000015, A20000000000000000000020, A20000000000000000000021, A20000000000000000000024, A20000000000000000000025, A20000000000000000000026); path = Sources; sourceTree = "<group>"; };
		A40000000000000000000003 /* Resources */ = {isa = PBXGroup; children = (A20000000000000000000005); path = Resources; sourceTree = "<group>"; };
		A40000000000000000000004 /* PiWebDesktopTests */ = {isa = PBXGroup; children = (A20000000000000000000006, A2000000000000000000000D, A2000000000000000000000E, A2000000000000000000000F, A20000000000000000000013, A20000000000000000000014, A20000000000000000000016, A2000000000000000000001A, A2000000000000000000001C, A2000000000000000000001E, A2000000000000000000002B, A2000000000000000000002D, A20000000000000000000030, A20000000000000000000032, A20000000000000000000035, A20000000000000000000036, A20000000000000000000022, A20000000000000000000023, A20000000000000000000027, A20000000000000000000028, A20000000000000000000029); path = PiWebDesktopTests; sourceTree = "<group>"; };
		A40000000000000000000005 /* Products */ = {isa = PBXGroup; children = (A20000000000000000000007, A20000000000000000000008); name = Products; sourceTree = "<group>"; };
		A40000000000000000000006 /* Configuration */ = {isa = PBXGroup; children = (A20000000000000000000009); path = Configuration; sourceTree = "<group>"; };
/* End PBXGroup section */

/* Begin PBXNativeTarget section */
		A50000000000000000000001 /* PiWebDesktop */ = {isa = PBXNativeTarget; buildConfigurationList = A60000000000000000000001; buildPhases = (A30000000000000000000003, A30000000000000000000004, A30000000000000000000001); buildRules = (); dependencies = (); name = PiWebDesktop; productName = PiWebDesktop; productReference = A20000000000000000000007; productType = "com.apple.product-type.application"; };
		A50000000000000000000002 /* PiWebDesktopTests */ = {isa = PBXNativeTarget; buildConfigurationList = A60000000000000000000002; buildPhases = (A30000000000000000000005, A30000000000000000000002); buildRules = (); dependencies = (); name = PiWebDesktopTests; productName = PiWebDesktopTests; productReference = A20000000000000000000008; productType = "com.apple.product-type.bundle.unit-test"; };
/* End PBXNativeTarget section */

/* Begin PBXProject section */
		A80000000000000000000001 /* Project object */ = {isa = PBXProject; attributes = { LastUpgradeCheck = 1600; ORGANIZATIONNAME = "su-luoya"; TargetAttributes = { A50000000000000000000001 = { CreatedOnToolsVersion = 16.0; }; A50000000000000000000002 = { CreatedOnToolsVersion = 16.0; }; }; }; buildConfigurationList = A60000000000000000000003; compatibilityVersion = "Xcode 15.0"; developmentRegion = zh_CN; hasScannedForEncodings = 0; knownRegions = (en, zh_CN); mainGroup = A40000000000000000000001; productRefGroup = A40000000000000000000005; projectDirPath = ""; projectRoot = ""; targets = (A50000000000000000000001, A50000000000000000000002); };
/* End PBXProject section */

/* Begin PBXResourcesBuildPhase section */
		A30000000000000000000004 /* Resources */ = {isa = PBXResourcesBuildPhase; buildActionMask = 2147483647; files = (A10000000000000000000005); runOnlyForDeploymentPostprocessing = 0; };
/* End PBXResourcesBuildPhase section */

/* Begin PBXBuildPhase section */
		A30000000000000000000003 /* Sources */ = {isa = PBXSourcesBuildPhase; buildActionMask = 2147483647; files = (A10000000000000000000001, A10000000000000000000002, A10000000000000000000003, A10000000000000000000004, A10000000000000000000008, A10000000000000000000009, A1000000000000000000000A, A10000000000000000000011, A10000000000000000000012, A10000000000000000000013, A10000000000000000000018, A1000000000000000000001B, A1000000000000000000001C, A1000000000000000000001D, A10000000000000000000021, A10000000000000000000024, A10000000000000000000027, A10000000000000000000029, A1000000000000000000002B, A1000000000000000000002F, A10000000000000000000031, A10000000000000000000033, A10000000000000000000037, A1000000000000000000003A, A1000000000000000000003D, A1000000000000000000003F, A10000000000000000000041, A10000000000000000000044, A10000000000000000000046); runOnlyForDeploymentPostprocessing = 0; };
		A30000000000000000000005 /* Test Sources */ = {isa = PBXSourcesBuildPhase; buildActionMask = 2147483647; files = (A10000000000000000000006, A10000000000000000000007, A1000000000000000000000B, A1000000000000000000000C, A1000000000000000000000D, A1000000000000000000000E, A1000000000000000000000F, A10000000000000000000010, A10000000000000000000014, A10000000000000000000015, A10000000000000000000016, A10000000000000000000017, A10000000000000000000019, A1000000000000000000001A, A1000000000000000000001E, A1000000000000000000001F, A10000000000000000000020, A10000000000000000000022, A10000000000000000000023, A10000000000000000000025, A10000000000000000000026, A10000000000000000000028, A1000000000000000000002A, A1000000000000000000002C, A1000000000000000000002D, A1000000000000000000002E, A10000000000000000000030, A10000000000000000000032, A10000000000000000000034, A10000000000000000000035, A10000000000000000000036, A10000000000000000000038, A10000000000000000000039, A1000000000000000000003B, A1000000000000000000003C, A1000000000000000000003E, A10000000000000000000040, A10000000000000000000042, A10000000000000000000043, A10000000000000000000045, A10000000000000000000047, A10000000000000000000048, A10000000000000000000049); runOnlyForDeploymentPostprocessing = 0; };
/* End PBXBuildPhase section */

/* Begin XCBuildConfiguration section */
		A90000000000000000000001 = {isa = XCBuildConfiguration; baseConfigurationReference = A20000000000000000000009 /* AppIdentity.xcconfig */; buildSettings = { ALWAYS_SEARCH_USER_PATHS = NO; ARCHS = arm64; CLANG_ENABLE_MODULES = YES; CODE_SIGN_IDENTITY = "-"; CODE_SIGN_STYLE = Manual; GENERATE_INFOPLIST_FILE = YES; INFOPLIST_KEY_LSApplicationCategoryType = "public.app-category.developer-tools"; INFOPLIST_KEY_NSHumanReadableCopyright = ""; INFOPLIST_KEY_NSHighResolutionCapable = YES; SDKROOT = macosx; SWIFT_VERSION = 5.0; }; name = Debug; };
		A90000000000000000000002 = {isa = XCBuildConfiguration; baseConfigurationReference = A20000000000000000000009 /* AppIdentity.xcconfig */; buildSettings = { ALWAYS_SEARCH_USER_PATHS = NO; ARCHS = arm64; CLANG_ENABLE_MODULES = YES; CODE_SIGN_IDENTITY = "-"; CODE_SIGN_STYLE = Manual; GENERATE_INFOPLIST_FILE = YES; INFOPLIST_KEY_CFBundleDisplayName = "$(APP_TEST_DISPLAY_NAME)"; PRODUCT_BUNDLE_IDENTIFIER = "$(APP_TEST_BUNDLE_IDENTIFIER)"; PRODUCT_NAME = "$(TARGET_NAME)"; SDKROOT = macosx; SWIFT_VERSION = 5.0; }; name = Debug; };
		A90000000000000000000004 = {isa = XCBuildConfiguration; baseConfigurationReference = A20000000000000000000009 /* AppIdentity.xcconfig */; buildSettings = { ALWAYS_SEARCH_USER_PATHS = NO; ARCHS = arm64; CLANG_ENABLE_MODULES = YES; CODE_SIGN_IDENTITY = "-"; CODE_SIGN_STYLE = Manual; GENERATE_INFOPLIST_FILE = YES; INFOPLIST_KEY_LSApplicationCategoryType = "public.app-category.developer-tools"; INFOPLIST_KEY_NSHumanReadableCopyright = ""; INFOPLIST_KEY_NSHighResolutionCapable = YES; SDKROOT = macosx; SWIFT_VERSION = 5.0; }; name = Release; };
		A90000000000000000000005 = {isa = XCBuildConfiguration; baseConfigurationReference = A20000000000000000000009 /* AppIdentity.xcconfig */; buildSettings = { ALWAYS_SEARCH_USER_PATHS = NO; ARCHS = arm64; CLANG_ENABLE_MODULES = YES; CODE_SIGN_IDENTITY = "-"; CODE_SIGN_STYLE = Manual; GENERATE_INFOPLIST_FILE = YES; INFOPLIST_KEY_CFBundleDisplayName = "$(APP_TEST_DISPLAY_NAME)"; PRODUCT_BUNDLE_IDENTIFIER = "$(APP_TEST_BUNDLE_IDENTIFIER)"; PRODUCT_NAME = "$(TARGET_NAME)"; SDKROOT = macosx; SWIFT_VERSION = 5.0; }; name = Release; };
		A90000000000000000000006 = {isa = XCBuildConfiguration; baseConfigurationReference = A20000000000000000000009 /* AppIdentity.xcconfig */; buildSettings = { ALWAYS_SEARCH_USER_PATHS = NO; ARCHS = arm64; CLANG_ENABLE_MODULES = YES; CODE_SIGN_IDENTITY = "-"; CODE_SIGN_STYLE = Manual; SDKROOT = macosx; SWIFT_VERSION = 5.0; }; name = Release; };
		A90000000000000000000003 = {isa = XCBuildConfiguration; baseConfigurationReference = A20000000000000000000009 /* AppIdentity.xcconfig */; buildSettings = { ALWAYS_SEARCH_USER_PATHS = NO; ARCHS = arm64; CLANG_ENABLE_MODULES = YES; CODE_SIGN_IDENTITY = "-"; CODE_SIGN_STYLE = Manual; SDKROOT = macosx; SWIFT_VERSION = 5.0; }; name = Debug; };
/* End XCBuildConfiguration section */

/* Begin XCConfigurationList section */
		A60000000000000000000001 = {isa = XCConfigurationList; buildConfigurations = (A90000000000000000000001, A90000000000000000000004); defaultConfigurationIsVisible = 0; defaultConfigurationName = Release; };
		A60000000000000000000002 = {isa = XCConfigurationList; buildConfigurations = (A90000000000000000000002, A90000000000000000000005); defaultConfigurationIsVisible = 0; defaultConfigurationName = Release; };
		A60000000000000000000003 = {isa = XCConfigurationList; buildConfigurations = (A90000000000000000000003, A90000000000000000000006); defaultConfigurationIsVisible = 0; defaultConfigurationName = Release; };
/* End XCConfigurationList section */
	};
	rootObject = A80000000000000000000001;
}
