// !$*UTF8*$!
{
	archiveVersion = 1;
	objectVersion = 56;
	classes = {};
	objects = {

/* Begin PBXBuildFile section */
		A1F0F3AC324B679DB642ED51 /* AppConfiguration.swift in Sources */ = {isa = PBXBuildFile; fileRef = A2C46BB34EB150CC0A6DD603 /* AppConfiguration.swift */; };
		A198A09653F21FE1B7B22FDF /* AppDelegate+CLIUpdate.swift in Sources */ = {isa = PBXBuildFile; fileRef = A2F5A4E74C10F1CF4935D3DF /* AppDelegate+CLIUpdate.swift */; };
		A1BBB943AE25A4FBC73D7715 /* AppDelegate+Diagnostics.swift in Sources */ = {isa = PBXBuildFile; fileRef = A2A80D26369FFF357DB30595 /* AppDelegate+Diagnostics.swift */; };
		A1E80BCC06A883E3501AF400 /* AppDelegate+Menus.swift in Sources */ = {isa = PBXBuildFile; fileRef = A241F15FF9B692F682ABC049 /* AppDelegate+Menus.swift */; };
		A1D5DD3D80AD8C97167FE8E6 /* AppDelegate+PackageUpdates.swift in Sources */ = {isa = PBXBuildFile; fileRef = A28A5AE16016ED3F35B54989 /* AppDelegate+PackageUpdates.swift */; };
		A19484E56151F529EB517EE4 /* AppDelegate+PreLaunchUpdates.swift in Sources */ = {isa = PBXBuildFile; fileRef = A2EE04D008B85FEA56D3315F /* AppDelegate+PreLaunchUpdates.swift */; };
		A100AEA924DA383CCBDB5F96 /* AppDelegate+Quit.swift in Sources */ = {isa = PBXBuildFile; fileRef = A27FC924F05C4452333CD9C5 /* AppDelegate+Quit.swift */; };
		A108E4503B73026C168C720F /* AppDelegate+Service.swift in Sources */ = {isa = PBXBuildFile; fileRef = A245255F1F6FA7D13383780C /* AppDelegate+Service.swift */; };
		A1D89F2E58B94EF3A2BF3F97 /* AppDelegate+UpdateChecks.swift in Sources */ = {isa = PBXBuildFile; fileRef = A2990BDD17567B129C7D755C /* AppDelegate+UpdateChecks.swift */; };
		A11C0B1006B1DC1BABB5EAC8 /* AppDelegate+Window.swift in Sources */ = {isa = PBXBuildFile; fileRef = A252C2DF22B7328A41EDBF70 /* AppDelegate+Window.swift */; };
		A12DC1D7EA63D35E6827FA6B /* AppDelegate.swift in Sources */ = {isa = PBXBuildFile; fileRef = A254391A87E1612BE554BF90 /* AppDelegate.swift */; };
		A1B0858F8EDCF95E3A1D7AB4 /* AppPaths.swift in Sources */ = {isa = PBXBuildFile; fileRef = A2EC2397BBBE7A5A3EFE3F97 /* AppPaths.swift */; };
		A16E1E79B4856DA40933A2BE /* PreferencesWindowController.swift in Sources */ = {isa = PBXBuildFile; fileRef = A2D805837C10530D1823D1F6 /* PreferencesWindowController.swift */; };
		A1F7CB5299FE3A5B428480C4 /* QuitCoordinator.swift in Sources */ = {isa = PBXBuildFile; fileRef = A2E99068F10AAD7CBDE698ED /* QuitCoordinator.swift */; };
		A1B8B23D08F8146AED783189 /* QuitPolicy.swift in Sources */ = {isa = PBXBuildFile; fileRef = A2A0E30DF4B421EB142699DC /* QuitPolicy.swift */; };
		A1BA0DDD2830CC8822E209D7 /* RecentWorkspace.swift in Sources */ = {isa = PBXBuildFile; fileRef = A249076FE37F6A1574EA9C24 /* RecentWorkspace.swift */; };
		A1F0A11D5E3C4B7A9D2E6F12 /* ServiceAddresses.swift in Sources */ = {isa = PBXBuildFile; fileRef = A2F0A11D5E3C4B7A9D2E6F10 /* ServiceAddresses.swift */; };
		A17A9CDB4EE8B0460E159360 /* ServiceConfiguration.swift in Sources */ = {isa = PBXBuildFile; fileRef = A28B2F77F66B77BC88683531 /* ServiceConfiguration.swift */; };
		A158B2E713EB765B26169117 /* WebViewController.swift in Sources */ = {isa = PBXBuildFile; fileRef = A21F7CEA082DFF64EEC53145 /* WebViewController.swift */; };
		A186B65FE93B14102B3ED572 /* WebViewNavigationPolicy.swift in Sources */ = {isa = PBXBuildFile; fileRef = A2D883567669B5C4AED69166 /* WebViewNavigationPolicy.swift */; };
		A169A89C62E6213FC19F4C9C /* WorkspaceDirectory.swift in Sources */ = {isa = PBXBuildFile; fileRef = A29D02C9FAF08070C0551408 /* WorkspaceDirectory.swift */; };
		A11959649197F167C89AD2AD /* main.swift in Sources */ = {isa = PBXBuildFile; fileRef = A209F611745D4A6857FF5F97 /* main.swift */; };
		A1A3855546C51ADC5B3BC750 /* DiagnosticsClipboard.swift in Sources */ = {isa = PBXBuildFile; fileRef = A2AD7C80F9025B8C755E4DF5 /* DiagnosticsClipboard.swift */; };
		A1A5667EA647A34071B65F95 /* DiagnosticsCollector.swift in Sources */ = {isa = PBXBuildFile; fileRef = A284354B23DBA7104579C2B6 /* DiagnosticsCollector.swift */; };
		A1B31EF71A770E120CE017E7 /* DiagnosticsWindowController.swift in Sources */ = {isa = PBXBuildFile; fileRef = A245530F29EDFEB4849AE422 /* DiagnosticsWindowController.swift */; };
		A14B27E95EFBD1A50BB3F8D1 /* FirstLaunchDiagnostics.swift in Sources */ = {isa = PBXBuildFile; fileRef = A2453BE7D8D0535775110735 /* FirstLaunchDiagnostics.swift */; };
		A1D91E624C555758548E2D3E /* LogRedactor.swift in Sources */ = {isa = PBXBuildFile; fileRef = A219CD7D75302C9FBF8F5793 /* LogRedactor.swift */; };
		A1733E92DEACD2FADA6ED7CE /* LogWriter.swift in Sources */ = {isa = PBXBuildFile; fileRef = A2BF430A3BBC660BAADE2421 /* LogWriter.swift */; };
		A1391C52D681E8F92BD37836 /* CommandRunning.swift in Sources */ = {isa = PBXBuildFile; fileRef = A2C39B9135BFB737610C27E3 /* CommandRunning.swift */; };
		A1CA338D2D91347BEE7FB867 /* DependencyChecker.swift in Sources */ = {isa = PBXBuildFile; fileRef = A2FEC86366205D4F208D64FC /* DependencyChecker.swift */; };
		A1A838FC74C3FA89901F4577 /* DependencyModel.swift in Sources */ = {isa = PBXBuildFile; fileRef = A2551F39BF129B7449A32288 /* DependencyModel.swift */; };
		A1ADE6E5E744AA430E8E40F9 /* DependencyProbing.swift in Sources */ = {isa = PBXBuildFile; fileRef = A2775067EAFA427A76EE6C18 /* DependencyProbing.swift */; };
		A16108B468D0EEB0EF15B0CE /* DependencyReportPresenter.swift in Sources */ = {isa = PBXBuildFile; fileRef = A2E367A802B9DF373FDAAD50 /* DependencyReportPresenter.swift */; };
		A125C1CE7015B36C5EEE4A0F /* InstallCommandManifest.swift in Sources */ = {isa = PBXBuildFile; fileRef = A2B76AB7C790153E8F74AE1F /* InstallCommandManifest.swift */; };
		A1F51C0611D1B7F8EC5432AD /* KeychainStore.swift in Sources */ = {isa = PBXBuildFile; fileRef = A2A8A944616A6CF8DAFF35B7 /* KeychainStore.swift */; };
		A1F0A11D5E3C4B7A9D2E6F15 /* SystemProxyWarning.swift in Sources */ = {isa = PBXBuildFile; fileRef = A2F0A11D5E3C4B7A9D2E6F17 /* SystemProxyWarning.swift */; };
		A12A6B451399B16BDD05EA7B /* PiProcessInspector.swift in Sources */ = {isa = PBXBuildFile; fileRef = A2CD7FFFE17CB2CB6A1F0BC1 /* PiProcessInspector.swift */; };
		A11620DB2403ED5CA7DD11EB /* PiProcessProbe.swift in Sources */ = {isa = PBXBuildFile; fileRef = A2AEFCCE10A48FBCB170D43B /* PiProcessProbe.swift */; };
		A1871549530B3DC78ECA79B0 /* PiProcessRecord.swift in Sources */ = {isa = PBXBuildFile; fileRef = A2C89E5FEFCB4246FD0A0A59 /* PiProcessRecord.swift */; };
		A1811619DD7E71081D6D34AC /* ProcessInspector.swift in Sources */ = {isa = PBXBuildFile; fileRef = A28664344B3CC1E79DFA378A /* ProcessInspector.swift */; };
		A198A7DD9B8CB8001F9D7F93 /* ServiceLaunching.swift in Sources */ = {isa = PBXBuildFile; fileRef = A200D1B590CC43B77F8ED585 /* ServiceLaunching.swift */; };
		A1771751A82BFA23BEFA3704 /* ServiceManager.swift in Sources */ = {isa = PBXBuildFile; fileRef = A2C1805FF61234408D1502B0 /* ServiceManager.swift */; };
		A1239CEBF23B7DFEE57A591C /* ServiceOwnership.swift in Sources */ = {isa = PBXBuildFile; fileRef = A21D445054730A358B09D7B8 /* ServiceOwnership.swift */; };
		A1C6CCEBEE3A6C144EF4D132 /* ServiceScheduling.swift in Sources */ = {isa = PBXBuildFile; fileRef = A22448F48136C5F9C46ED68C /* ServiceScheduling.swift */; };
		A1CCEF36C5903C525A3B423F /* SystemCommandRunner.swift in Sources */ = {isa = PBXBuildFile; fileRef = A2832A15D1F6F01F89114AF6 /* SystemCommandRunner.swift */; };
		A17105984255C59E3139A4ED /* ToolPath.swift in Sources */ = {isa = PBXBuildFile; fileRef = A2EF4A1B2AF33629F11507CE /* ToolPath.swift */; };
		A1C2B853AEAF28A77C238C27 /* NonEmptyString.swift in Sources */ = {isa = PBXBuildFile; fileRef = A2F78D68F16B417601E2BD53 /* NonEmptyString.swift */; };
		A1F1B29813195E11FFE3DB09 /* SemanticVersion.swift in Sources */ = {isa = PBXBuildFile; fileRef = A2FC9ADD61D0C3244849E346 /* SemanticVersion.swift */; };
		A109F8063A7053612841068F /* ComponentInstallationDetector.swift in Sources */ = {isa = PBXBuildFile; fileRef = A22832497C0F7F2B717A6E8B /* ComponentInstallationDetector.swift */; };
		A1AD68AA909625B49F75E1B4 /* ComponentInstallationModel.swift in Sources */ = {isa = PBXBuildFile; fileRef = A2CACEA840501662082DEFF5 /* ComponentInstallationModel.swift */; };
		A1D4648DE7039E1861E16C77 /* ComponentSourceResolver.swift in Sources */ = {isa = PBXBuildFile; fileRef = A29CA71032C2DBF55E6CA1B0 /* ComponentSourceResolver.swift */; };
		A1C14A6E49D313C8F4DA35C1 /* PiCLIUpdateCommand.swift in Sources */ = {isa = PBXBuildFile; fileRef = A2801DD8EC476C024AE8BBA2 /* PiCLIUpdateCommand.swift */; };
		A1B4CF45D1618C8C5117B9C5 /* PiCLIUpdateCoordinator.swift in Sources */ = {isa = PBXBuildFile; fileRef = A26EF022895A1305A95F7085 /* PiCLIUpdateCoordinator.swift */; };
		A18A51F5613FE66458AF3AA6 /* PiCLIUpdateModel.swift in Sources */ = {isa = PBXBuildFile; fileRef = A273E860A3967960F810AE88 /* PiCLIUpdateModel.swift */; };
		A1E87F49C7DCADD9EF23A8B7 /* PiCLIUpdatePlanner.swift in Sources */ = {isa = PBXBuildFile; fileRef = A237AAF11D4B7ECB7E100E3F /* PiCLIUpdatePlanner.swift */; };
		A167E31CE61D66FB6CF35312 /* PiCLIUpdateStatus.swift in Sources */ = {isa = PBXBuildFile; fileRef = A274FB979C950F5CF722CD81 /* PiCLIUpdateStatus.swift */; };
		A1373F5AE670222FCDD722AB /* PiPackageUpdateCommand.swift in Sources */ = {isa = PBXBuildFile; fileRef = A23D07EDD46DD938D93C2633 /* PiPackageUpdateCommand.swift */; };
		A1199AB20E1FE341E2163781 /* PiPackageUpdateCoordinator.swift in Sources */ = {isa = PBXBuildFile; fileRef = A2DD22D85460D0772CCF9CD0 /* PiPackageUpdateCoordinator.swift */; };
		A12315CF4403738C1E1112A7 /* PiPackageUpdateModel.swift in Sources */ = {isa = PBXBuildFile; fileRef = A269C635F5989E590104BFA3 /* PiPackageUpdateModel.swift */; };
		A163D9652F96EBCC373100D2 /* PiPackageUpdatePlanner.swift in Sources */ = {isa = PBXBuildFile; fileRef = A2E0C7F13D84FA06809ED257 /* PiPackageUpdatePlanner.swift */; };
		A19F964312826C34C92BD5A0 /* PiPackageUpdateStatus.swift in Sources */ = {isa = PBXBuildFile; fileRef = A2A26C3EEF431D3DEF613488 /* PiPackageUpdateStatus.swift */; };
		A15CC594343103B1EC8541D1 /* PiWebChildProcess.swift in Sources */ = {isa = PBXBuildFile; fileRef = A26BC135FE36CCDF822D8AB2 /* PiWebChildProcess.swift */; };
		A1D894C6E4ED430BC8585190 /* PiWebUpdateCoordinator.swift in Sources */ = {isa = PBXBuildFile; fileRef = A2C6D86CA1BEBC54DA4D412A /* PiWebUpdateCoordinator.swift */; };
		A1D410841523893DAEBEC005 /* PiWebUpdateInstaller.swift in Sources */ = {isa = PBXBuildFile; fileRef = A2AE9513933A39AAADE9CABC /* PiWebUpdateInstaller.swift */; };
		A12B6F741AD6851E1129B98A /* PiWebUpdateModel.swift in Sources */ = {isa = PBXBuildFile; fileRef = A24660BBCBE76796F6CED0E1 /* PiWebUpdateModel.swift */; };
		A1BA0A53A3BD95F1EAF2AD22 /* PiWebUpdatePlanner.swift in Sources */ = {isa = PBXBuildFile; fileRef = A2C56C4BDA55D5302B97E809 /* PiWebUpdatePlanner.swift */; };
		A17F364BC488014A8C3CB03C /* UpdateAbandonedAttempt.swift in Sources */ = {isa = PBXBuildFile; fileRef = A2628D24ADB7A968413B2897 /* UpdateAbandonedAttempt.swift */; };
		A119A67012D8D5DBF50B2F1E /* UpdateArtifactFingerprint.swift in Sources */ = {isa = PBXBuildFile; fileRef = A2F1D82CB5E0C5D6D9B2D756 /* UpdateArtifactFingerprint.swift */; };
		A1CB8D97930E5A186D0137BA /* UpdateArtifactProbe.swift in Sources */ = {isa = PBXBuildFile; fileRef = A2A67DF77416BBB06B9A11AB /* UpdateArtifactProbe.swift */; };
		A17591DB9DD2E36FB2C47967 /* UpdateCheckCache.swift in Sources */ = {isa = PBXBuildFile; fileRef = A2E99BEF00D2B068B200C61F /* UpdateCheckCache.swift */; };
		A162643A1B00B74CF0177573 /* UpdateCheckEndpoint.swift in Sources */ = {isa = PBXBuildFile; fileRef = A27D512BC7DB608519F18182 /* UpdateCheckEndpoint.swift */; };
		A138AEFEFDCA9FC70E17502F /* UpdateCheckModel.swift in Sources */ = {isa = PBXBuildFile; fileRef = A2D6D2675FC1B56B29827CE1 /* UpdateCheckModel.swift */; };
		A128BC093679D2579049ECB6 /* UpdateCheckOutcome.swift in Sources */ = {isa = PBXBuildFile; fileRef = A2631291937B6E5F6DFC74FA /* UpdateCheckOutcome.swift */; };
		A16DA0AD2F02B806AECA5F39 /* UpdateCheckParsing.swift in Sources */ = {isa = PBXBuildFile; fileRef = A2D44C558F136323AF599596 /* UpdateCheckParsing.swift */; };
		A10CD8494D4C909B9DA4E332 /* UpdateCheckResult.swift in Sources */ = {isa = PBXBuildFile; fileRef = A2276FF545F18035E20E3B1A /* UpdateCheckResult.swift */; };
		A1A80CB6D7D1859F29578348 /* UpdateCheckScheduling.swift in Sources */ = {isa = PBXBuildFile; fileRef = A2645264B6E501E347E8FB86 /* UpdateCheckScheduling.swift */; };
		A16713BC586D27C80459BE4B /* UpdateChecker.swift in Sources */ = {isa = PBXBuildFile; fileRef = A242AC9B8F36935D71E7A1DC /* UpdateChecker.swift */; };
		A17CE3062B1E27D7CF3A8A70 /* UpdateHistory.swift in Sources */ = {isa = PBXBuildFile; fileRef = A2C7698AD935B6C5D455DDDA /* UpdateHistory.swift */; };
		A19C7FAE9E0D3C02291EF804 /* UpdateRollback.swift in Sources */ = {isa = PBXBuildFile; fileRef = A23BE29B8C31E75D359DCB19 /* UpdateRollback.swift */; };
		A1F7A7B6AA86D31B294D6076 /* UpdateSettingsModel.swift in Sources */ = {isa = PBXBuildFile; fileRef = A2D2A1D1B9CA6D744CC52FAF /* UpdateSettingsModel.swift */; };
		A12AF7C52B0329CA79729AEE /* UpdateSettingsWindowController.swift in Sources */ = {isa = PBXBuildFile; fileRef = A20A0F58A6A4DF03F02ED318 /* UpdateSettingsWindowController.swift */; };
		A1BDBECDA7B138BE17D7030B /* UpdateStatusPresenter.swift in Sources */ = {isa = PBXBuildFile; fileRef = A2DB502E0751BFE28097F62E /* UpdateStatusPresenter.swift */; };
		A1DFF141207C4A78CE84AB3F /* UpdateTransactionJournal.swift in Sources */ = {isa = PBXBuildFile; fileRef = A2D7B7D4DBCA92E750C3B10C /* UpdateTransactionJournal.swift */; };
		A170629A6B4E954D6D350475 /* UpdateTransactionModel.swift in Sources */ = {isa = PBXBuildFile; fileRef = A27C5A5DD352FC57DCD0F433 /* UpdateTransactionModel.swift */; };
		A1A2AB48569618D9C741AA42 /* UpdateVerifier.swift in Sources */ = {isa = PBXBuildFile; fileRef = A27B7F350C067D0ADAAE7348 /* UpdateVerifier.swift */; };
		A145EF3444A22CDEE8C9D9F6 /* AppConfiguration.swift in Test Sources */ = {isa = PBXBuildFile; fileRef = A2C46BB34EB150CC0A6DD603 /* AppConfiguration.swift */; };
		A1B1A1DBCD22DD04C1223D49 /* AppPaths.swift in Test Sources */ = {isa = PBXBuildFile; fileRef = A2EC2397BBBE7A5A3EFE3F97 /* AppPaths.swift */; };
		A140408D6CF8F2261144CC08 /* QuitCoordinator.swift in Test Sources */ = {isa = PBXBuildFile; fileRef = A2E99068F10AAD7CBDE698ED /* QuitCoordinator.swift */; };
		A19DB938416B5F1659665219 /* QuitPolicy.swift in Test Sources */ = {isa = PBXBuildFile; fileRef = A2A0E30DF4B421EB142699DC /* QuitPolicy.swift */; };
		A14C9D49A267CF6F317F9D56 /* RecentWorkspace.swift in Test Sources */ = {isa = PBXBuildFile; fileRef = A249076FE37F6A1574EA9C24 /* RecentWorkspace.swift */; };
		A1F0A11D5E3C4B7A9D2E6F13 /* ServiceAddresses.swift in Test Sources */ = {isa = PBXBuildFile; fileRef = A2F0A11D5E3C4B7A9D2E6F10 /* ServiceAddresses.swift */; };
		A176CAFA043248E03F21CA33 /* ServiceConfiguration.swift in Test Sources */ = {isa = PBXBuildFile; fileRef = A28B2F77F66B77BC88683531 /* ServiceConfiguration.swift */; };
		A1FAFFCA43F78E869EB88B53 /* WebViewNavigationPolicy.swift in Test Sources */ = {isa = PBXBuildFile; fileRef = A2D883567669B5C4AED69166 /* WebViewNavigationPolicy.swift */; };
		A13D208711AFF06075B73E56 /* WorkspaceDirectory.swift in Test Sources */ = {isa = PBXBuildFile; fileRef = A29D02C9FAF08070C0551408 /* WorkspaceDirectory.swift */; };
		A1BB19893A910DF7076CACBF /* DiagnosticsCollector.swift in Test Sources */ = {isa = PBXBuildFile; fileRef = A284354B23DBA7104579C2B6 /* DiagnosticsCollector.swift */; };
		A1B1D44DF228A2FCABD7FD56 /* FirstLaunchDiagnostics.swift in Test Sources */ = {isa = PBXBuildFile; fileRef = A2453BE7D8D0535775110735 /* FirstLaunchDiagnostics.swift */; };
		A1F710F872CC32BBFC6FFDA2 /* LogRedactor.swift in Test Sources */ = {isa = PBXBuildFile; fileRef = A219CD7D75302C9FBF8F5793 /* LogRedactor.swift */; };
		A1358ADB42A6091BCB3E9620 /* LogWriter.swift in Test Sources */ = {isa = PBXBuildFile; fileRef = A2BF430A3BBC660BAADE2421 /* LogWriter.swift */; };
		A12AC37F2A09DE8C503A6677 /* CommandRunning.swift in Test Sources */ = {isa = PBXBuildFile; fileRef = A2C39B9135BFB737610C27E3 /* CommandRunning.swift */; };
		A130DF050C29AC54CF30FFFF /* DependencyChecker.swift in Test Sources */ = {isa = PBXBuildFile; fileRef = A2FEC86366205D4F208D64FC /* DependencyChecker.swift */; };
		A1AE01270E64191A27D51AF7 /* DependencyModel.swift in Test Sources */ = {isa = PBXBuildFile; fileRef = A2551F39BF129B7449A32288 /* DependencyModel.swift */; };
		A17F3550615E915F1613549C /* DependencyProbing.swift in Test Sources */ = {isa = PBXBuildFile; fileRef = A2775067EAFA427A76EE6C18 /* DependencyProbing.swift */; };
		A14CD9D944254B09345F79F8 /* DependencyReportPresenter.swift in Test Sources */ = {isa = PBXBuildFile; fileRef = A2E367A802B9DF373FDAAD50 /* DependencyReportPresenter.swift */; };
		A10D9712958394652F3C8247 /* InstallCommandManifest.swift in Test Sources */ = {isa = PBXBuildFile; fileRef = A2B76AB7C790153E8F74AE1F /* InstallCommandManifest.swift */; };
		A17B29F2981CF1A52657E138 /* KeychainStore.swift in Test Sources */ = {isa = PBXBuildFile; fileRef = A2A8A944616A6CF8DAFF35B7 /* KeychainStore.swift */; };
		A1F0A11D5E3C4B7A9D2E6F16 /* SystemProxyWarning.swift in Test Sources */ = {isa = PBXBuildFile; fileRef = A2F0A11D5E3C4B7A9D2E6F17 /* SystemProxyWarning.swift */; };
		A1F0A11D5E3C4B7A9D2E6F18 /* SystemProxyWarningTests.swift in Test Sources */ = {isa = PBXBuildFile; fileRef = A2F0A11D5E3C4B7A9D2E6F19 /* SystemProxyWarningTests.swift */; };
		A15B1B2F45E38711F6DE078A /* PiProcessInspector.swift in Test Sources */ = {isa = PBXBuildFile; fileRef = A2CD7FFFE17CB2CB6A1F0BC1 /* PiProcessInspector.swift */; };
		A10039E9BBFE873274F555BA /* PiProcessProbe.swift in Test Sources */ = {isa = PBXBuildFile; fileRef = A2AEFCCE10A48FBCB170D43B /* PiProcessProbe.swift */; };
		A164F7F5DEE1713BEC48BF55 /* PiProcessRecord.swift in Test Sources */ = {isa = PBXBuildFile; fileRef = A2C89E5FEFCB4246FD0A0A59 /* PiProcessRecord.swift */; };
		A13D0E328F4AE3BC367660C8 /* ProcessInspector.swift in Test Sources */ = {isa = PBXBuildFile; fileRef = A28664344B3CC1E79DFA378A /* ProcessInspector.swift */; };
		A198354516B9069D130758D3 /* ServiceLaunching.swift in Test Sources */ = {isa = PBXBuildFile; fileRef = A200D1B590CC43B77F8ED585 /* ServiceLaunching.swift */; };
		A1EEA265D23F5B60A3936EB2 /* ServiceManager.swift in Test Sources */ = {isa = PBXBuildFile; fileRef = A2C1805FF61234408D1502B0 /* ServiceManager.swift */; };
		A1D986C9E71A8BB2CA4792B0 /* ServiceOwnership.swift in Test Sources */ = {isa = PBXBuildFile; fileRef = A21D445054730A358B09D7B8 /* ServiceOwnership.swift */; };
		A17A4820B172E84C63B0F950 /* ServiceScheduling.swift in Test Sources */ = {isa = PBXBuildFile; fileRef = A22448F48136C5F9C46ED68C /* ServiceScheduling.swift */; };
		A13B1BAA5EDD321EC94825D1 /* SystemCommandRunner.swift in Test Sources */ = {isa = PBXBuildFile; fileRef = A2832A15D1F6F01F89114AF6 /* SystemCommandRunner.swift */; };
		A14BF6AFF08645AD7FD7F577 /* ToolPath.swift in Test Sources */ = {isa = PBXBuildFile; fileRef = A2EF4A1B2AF33629F11507CE /* ToolPath.swift */; };
		A1AA82ACF8FBF436E6129194 /* NonEmptyString.swift in Test Sources */ = {isa = PBXBuildFile; fileRef = A2F78D68F16B417601E2BD53 /* NonEmptyString.swift */; };
		A1F46A36EAAF97AF05EF65E7 /* SemanticVersion.swift in Test Sources */ = {isa = PBXBuildFile; fileRef = A2FC9ADD61D0C3244849E346 /* SemanticVersion.swift */; };
		A1FC2191A111441D5A4B1FEE /* ComponentInstallationDetector.swift in Test Sources */ = {isa = PBXBuildFile; fileRef = A22832497C0F7F2B717A6E8B /* ComponentInstallationDetector.swift */; };
		A189A831A3DE3A14747AE803 /* ComponentInstallationModel.swift in Test Sources */ = {isa = PBXBuildFile; fileRef = A2CACEA840501662082DEFF5 /* ComponentInstallationModel.swift */; };
		A1FE9FD10826F20089B0503B /* ComponentSourceResolver.swift in Test Sources */ = {isa = PBXBuildFile; fileRef = A29CA71032C2DBF55E6CA1B0 /* ComponentSourceResolver.swift */; };
		A1A43D13129F20800AD45DC2 /* PiCLIUpdateCommand.swift in Test Sources */ = {isa = PBXBuildFile; fileRef = A2801DD8EC476C024AE8BBA2 /* PiCLIUpdateCommand.swift */; };
		A10C388F33A1795D2C572E7E /* PiCLIUpdateCoordinator.swift in Test Sources */ = {isa = PBXBuildFile; fileRef = A26EF022895A1305A95F7085 /* PiCLIUpdateCoordinator.swift */; };
		A112E9CE28E973DF9B6567FD /* PiCLIUpdateModel.swift in Test Sources */ = {isa = PBXBuildFile; fileRef = A273E860A3967960F810AE88 /* PiCLIUpdateModel.swift */; };
		A14E7C21CD2EEA19B27E4FAF /* PiCLIUpdatePlanner.swift in Test Sources */ = {isa = PBXBuildFile; fileRef = A237AAF11D4B7ECB7E100E3F /* PiCLIUpdatePlanner.swift */; };
		A1761C48BF9BD86077E939E4 /* PiCLIUpdateStatus.swift in Test Sources */ = {isa = PBXBuildFile; fileRef = A274FB979C950F5CF722CD81 /* PiCLIUpdateStatus.swift */; };
		A1AA85F79876F4E75B2EF2B8 /* PiPackageUpdateCommand.swift in Test Sources */ = {isa = PBXBuildFile; fileRef = A23D07EDD46DD938D93C2633 /* PiPackageUpdateCommand.swift */; };
		A17D3BB455B7B7565FF0A58A /* PiPackageUpdateCoordinator.swift in Test Sources */ = {isa = PBXBuildFile; fileRef = A2DD22D85460D0772CCF9CD0 /* PiPackageUpdateCoordinator.swift */; };
		A1CE31A14351638D8CA2FBE1 /* PiPackageUpdateModel.swift in Test Sources */ = {isa = PBXBuildFile; fileRef = A269C635F5989E590104BFA3 /* PiPackageUpdateModel.swift */; };
		A1DF363F98B369B39393A8ED /* PiPackageUpdatePlanner.swift in Test Sources */ = {isa = PBXBuildFile; fileRef = A2E0C7F13D84FA06809ED257 /* PiPackageUpdatePlanner.swift */; };
		A1BE98239B1E82E5F0C8393C /* PiPackageUpdateStatus.swift in Test Sources */ = {isa = PBXBuildFile; fileRef = A2A26C3EEF431D3DEF613488 /* PiPackageUpdateStatus.swift */; };
		A175D96BEE754A8384AC3B0D /* PiWebChildProcess.swift in Test Sources */ = {isa = PBXBuildFile; fileRef = A26BC135FE36CCDF822D8AB2 /* PiWebChildProcess.swift */; };
		A1684286A058C5FA27551B07 /* PiWebUpdateCoordinator.swift in Test Sources */ = {isa = PBXBuildFile; fileRef = A2C6D86CA1BEBC54DA4D412A /* PiWebUpdateCoordinator.swift */; };
		A1AA9FF2709E8D54143C3DB6 /* PiWebUpdateInstaller.swift in Test Sources */ = {isa = PBXBuildFile; fileRef = A2AE9513933A39AAADE9CABC /* PiWebUpdateInstaller.swift */; };
		A1C023543F22276DD8C32FBD /* PiWebUpdateModel.swift in Test Sources */ = {isa = PBXBuildFile; fileRef = A24660BBCBE76796F6CED0E1 /* PiWebUpdateModel.swift */; };
		A148464D8A116A2FCB5E6736 /* PiWebUpdatePlanner.swift in Test Sources */ = {isa = PBXBuildFile; fileRef = A2C56C4BDA55D5302B97E809 /* PiWebUpdatePlanner.swift */; };
		A10720FA48E84281746AE14A /* UpdateAbandonedAttempt.swift in Test Sources */ = {isa = PBXBuildFile; fileRef = A2628D24ADB7A968413B2897 /* UpdateAbandonedAttempt.swift */; };
		A1A005F30EE74EBC4E968560 /* UpdateArtifactFingerprint.swift in Test Sources */ = {isa = PBXBuildFile; fileRef = A2F1D82CB5E0C5D6D9B2D756 /* UpdateArtifactFingerprint.swift */; };
		A185AB6529FC7FBC1610B8C3 /* UpdateArtifactProbe.swift in Test Sources */ = {isa = PBXBuildFile; fileRef = A2A67DF77416BBB06B9A11AB /* UpdateArtifactProbe.swift */; };
		A1132A69FF51CA6F9FF6B8BD /* UpdateCheckCache.swift in Test Sources */ = {isa = PBXBuildFile; fileRef = A2E99BEF00D2B068B200C61F /* UpdateCheckCache.swift */; };
		A14A19914E66A0768B88CFB9 /* UpdateCheckEndpoint.swift in Test Sources */ = {isa = PBXBuildFile; fileRef = A27D512BC7DB608519F18182 /* UpdateCheckEndpoint.swift */; };
		A1B2CCE10CA09DAB590CAA78 /* UpdateCheckModel.swift in Test Sources */ = {isa = PBXBuildFile; fileRef = A2D6D2675FC1B56B29827CE1 /* UpdateCheckModel.swift */; };
		A13858646BAC1D7FCE67ECEB /* UpdateCheckOutcome.swift in Test Sources */ = {isa = PBXBuildFile; fileRef = A2631291937B6E5F6DFC74FA /* UpdateCheckOutcome.swift */; };
		A1B33A843C7FA9A6E5C9FFD5 /* UpdateCheckParsing.swift in Test Sources */ = {isa = PBXBuildFile; fileRef = A2D44C558F136323AF599596 /* UpdateCheckParsing.swift */; };
		A139060EEEE961C134F5240B /* UpdateCheckResult.swift in Test Sources */ = {isa = PBXBuildFile; fileRef = A2276FF545F18035E20E3B1A /* UpdateCheckResult.swift */; };
		A1EBC5899352CD1615A5108C /* UpdateCheckScheduling.swift in Test Sources */ = {isa = PBXBuildFile; fileRef = A2645264B6E501E347E8FB86 /* UpdateCheckScheduling.swift */; };
		A1074BB5E739C98B657E2209 /* UpdateChecker.swift in Test Sources */ = {isa = PBXBuildFile; fileRef = A242AC9B8F36935D71E7A1DC /* UpdateChecker.swift */; };
		A1CAC98CB32689222F97218A /* UpdateHistory.swift in Test Sources */ = {isa = PBXBuildFile; fileRef = A2C7698AD935B6C5D455DDDA /* UpdateHistory.swift */; };
		A120F181C8966946AD1860C5 /* UpdateRollback.swift in Test Sources */ = {isa = PBXBuildFile; fileRef = A23BE29B8C31E75D359DCB19 /* UpdateRollback.swift */; };
		A1444C1712CB4E137B02CB61 /* UpdateSettingsModel.swift in Test Sources */ = {isa = PBXBuildFile; fileRef = A2D2A1D1B9CA6D744CC52FAF /* UpdateSettingsModel.swift */; };
		A18BFEC5FDE2C48633DA7400 /* UpdateStatusPresenter.swift in Test Sources */ = {isa = PBXBuildFile; fileRef = A2DB502E0751BFE28097F62E /* UpdateStatusPresenter.swift */; };
		A1CE0A0520698A79A80143A1 /* UpdateTransactionJournal.swift in Test Sources */ = {isa = PBXBuildFile; fileRef = A2D7B7D4DBCA92E750C3B10C /* UpdateTransactionJournal.swift */; };
		A179FAE200D076785CDBE02E /* UpdateTransactionModel.swift in Test Sources */ = {isa = PBXBuildFile; fileRef = A27C5A5DD352FC57DCD0F433 /* UpdateTransactionModel.swift */; };
		A136B63DCA3EF69996261569 /* UpdateVerifier.swift in Test Sources */ = {isa = PBXBuildFile; fileRef = A27B7F350C067D0ADAAE7348 /* UpdateVerifier.swift */; };
		A10E9F2164996AE75E5A93E2 /* AppConfigurationTests.swift in Test Sources */ = {isa = PBXBuildFile; fileRef = A2B60C1560EF73D62ADA92EA /* AppConfigurationTests.swift */; };
		A100D158C35F5CC71F161684 /* ComponentInstallationTests.swift in Test Sources */ = {isa = PBXBuildFile; fileRef = A244D350F5FBA40AED7FD421 /* ComponentInstallationTests.swift */; };
		A1C9CF1734687EFFC1457404 /* DependencyCheckerTests.swift in Test Sources */ = {isa = PBXBuildFile; fileRef = A24BCDCB2AE369C7FCECAA5C /* DependencyCheckerTests.swift */; };
		A129118A275057A04E33E06E /* DiagnosticsCollectorTests.swift in Test Sources */ = {isa = PBXBuildFile; fileRef = A25FD7AF838E0F2E5783AF04 /* DiagnosticsCollectorTests.swift */; };
		A14A18242296DE20D4B08CB5 /* FirstLaunchDiagnosticsTests.swift in Test Sources */ = {isa = PBXBuildFile; fileRef = A2AF28B8E9920F77F066763A /* FirstLaunchDiagnosticsTests.swift */; };
		A184B7634BC6822D18A2E396 /* KeychainStoreTests.swift in Test Sources */ = {isa = PBXBuildFile; fileRef = A2489EA3F320C4834711E252 /* KeychainStoreTests.swift */; };
		A169B96030D3547A8B3D226B /* LogRedactorTests.swift in Test Sources */ = {isa = PBXBuildFile; fileRef = A2C2FF55D845C10D3BE0E3E3 /* LogRedactorTests.swift */; };
		A17D0AF36BEEECD3E674714E /* LogWriterTests.swift in Test Sources */ = {isa = PBXBuildFile; fileRef = A2CFF5D4BFEA56E8A79B4EE7 /* LogWriterTests.swift */; };
		A19C41E0049960CD901DB959 /* PiCLIUpdateAdapterTests.swift in Test Sources */ = {isa = PBXBuildFile; fileRef = A231B5EBCD77C6C38412541B /* PiCLIUpdateAdapterTests.swift */; };
		A1F5AAB748B5A049617BADC2 /* PiPackageUpdateAdapterTests.swift in Test Sources */ = {isa = PBXBuildFile; fileRef = A257297A89B8484C82BBF30A /* PiPackageUpdateAdapterTests.swift */; };
		A12ADDF9A94C2E39C4F7B554 /* PiProcessInspectorTests.swift in Test Sources */ = {isa = PBXBuildFile; fileRef = A2754C1941C957BA26532729 /* PiProcessInspectorTests.swift */; };
		A1F1FA4FC77221EC3D06E4C3 /* PiWebUpdateAdapterTests.swift in Test Sources */ = {isa = PBXBuildFile; fileRef = A2D2852BA7C63B7973334231 /* PiWebUpdateAdapterTests.swift */; };
		A1E9BBCE9F1744ADBF5EFE99 /* ProcessInspectorTests.swift in Test Sources */ = {isa = PBXBuildFile; fileRef = A27E0204630725C9436748BA /* ProcessInspectorTests.swift */; };
		A1E075BB36E9C0CB68B06A68 /* QuitCoordinatorTests.swift in Test Sources */ = {isa = PBXBuildFile; fileRef = A26540DD472FF61D30CA1E68 /* QuitCoordinatorTests.swift */; };
		A19E53C321243CB2E1960059 /* QuitPolicyTests.swift in Test Sources */ = {isa = PBXBuildFile; fileRef = A2CD969486E905E8DFDD3BF0 /* QuitPolicyTests.swift */; };
		A1F20ABA332DC7208F749DE0 /* RecentWorkspaceTests.swift in Test Sources */ = {isa = PBXBuildFile; fileRef = A25603ADADEF370647511754 /* RecentWorkspaceTests.swift */; };
		A1F0A11D5E3C4B7A9D2E6F14 /* ServiceAddressesTests.swift in Test Sources */ = {isa = PBXBuildFile; fileRef = A2F0A11D5E3C4B7A9D2E6F11 /* ServiceAddressesTests.swift */; };
		A106A305073A9FC773164952 /* ServiceConfigurationTests.swift in Test Sources */ = {isa = PBXBuildFile; fileRef = A29A1C69F26D755905351A4A /* ServiceConfigurationTests.swift */; };
		A1A9477A4C9795E03EE729B1 /* ServiceIntegrationTests.swift in Test Sources */ = {isa = PBXBuildFile; fileRef = A269C546B3C653BE69DC2E6C /* ServiceIntegrationTests.swift */; };
		A151F0F62C7D405AFC832130 /* ServiceManagerTests.swift in Test Sources */ = {isa = PBXBuildFile; fileRef = A26F28F4586AB025900ECE85 /* ServiceManagerTests.swift */; };
		A14C2815D7CB7F40B1AFAD51 /* ServiceOwnershipTests.swift in Test Sources */ = {isa = PBXBuildFile; fileRef = A2E72E78E76BF5311793BB19 /* ServiceOwnershipTests.swift */; };
		A1C43AF16791F0CD5964F9D8 /* SourceScanSupport.swift in Test Sources */ = {isa = PBXBuildFile; fileRef = A286CCD74234ED9473174591 /* SourceScanSupport.swift */; };
		A187C2B7B18CA91B2E1051B3 /* ToolPathTests.swift in Test Sources */ = {isa = PBXBuildFile; fileRef = A2444C99BC2D0FD922F920E7 /* ToolPathTests.swift */; };
		A1340D2207A5B416BA38C68A /* UpdateAbandonedAttemptTests.swift in Test Sources */ = {isa = PBXBuildFile; fileRef = A2AFEE9831C9DDC27D69945D /* UpdateAbandonedAttemptTests.swift */; };
		A14283EC88AC33016FDA16E5 /* UpdateCheckerTests.swift in Test Sources */ = {isa = PBXBuildFile; fileRef = A2AE4111813D7FA8B7D25E18 /* UpdateCheckerTests.swift */; };
		A1BF07DD1141F44A711D92A8 /* UpdateSettingsTests.swift in Test Sources */ = {isa = PBXBuildFile; fileRef = A29853787D53D7CD60D71104 /* UpdateSettingsTests.swift */; };
		A1A83791B3DC532B07FB1831 /* UpdateTransactionTests.swift in Test Sources */ = {isa = PBXBuildFile; fileRef = A204A9DE54F3D35AA9278BE9 /* UpdateTransactionTests.swift */; };
		A139E6EE7DB6C4C8FE3B88DD /* UpdateVerifierTests.swift in Test Sources */ = {isa = PBXBuildFile; fileRef = A2309F5A73CA5EE7476625E0 /* UpdateVerifierTests.swift */; };
		A1120D03B75C7B30B595A365 /* WebViewNavigationPolicyTests.swift in Test Sources */ = {isa = PBXBuildFile; fileRef = A204BEA9E557A28C47DAEDC7 /* WebViewNavigationPolicyTests.swift */; };
		A1A92634956BE79A9760EEE1 /* WorkspaceDirectoryTests.swift in Test Sources */ = {isa = PBXBuildFile; fileRef = A2826BDA79B1AAA32727DE1A /* WorkspaceDirectoryTests.swift */; };
		A10000000000000000000005 /* ApplicationIcon.icns in Resources */ = {isa = PBXBuildFile; fileRef = A20000000000000000000005 /* ApplicationIcon.icns */; };
/* End PBXBuildFile section */

/* Begin PBXFileReference section */
		A2B60C1560EF73D62ADA92EA /* AppConfigurationTests.swift */ = {isa = PBXFileReference; lastKnownFileType = sourcecode.swift; path = AppConfigurationTests.swift; sourceTree = "<group>"; };
		A244D350F5FBA40AED7FD421 /* ComponentInstallationTests.swift */ = {isa = PBXFileReference; lastKnownFileType = sourcecode.swift; path = ComponentInstallationTests.swift; sourceTree = "<group>"; };
		A24BCDCB2AE369C7FCECAA5C /* DependencyCheckerTests.swift */ = {isa = PBXFileReference; lastKnownFileType = sourcecode.swift; path = DependencyCheckerTests.swift; sourceTree = "<group>"; };
		A25FD7AF838E0F2E5783AF04 /* DiagnosticsCollectorTests.swift */ = {isa = PBXFileReference; lastKnownFileType = sourcecode.swift; path = DiagnosticsCollectorTests.swift; sourceTree = "<group>"; };
		A2AF28B8E9920F77F066763A /* FirstLaunchDiagnosticsTests.swift */ = {isa = PBXFileReference; lastKnownFileType = sourcecode.swift; path = FirstLaunchDiagnosticsTests.swift; sourceTree = "<group>"; };
		A2489EA3F320C4834711E252 /* KeychainStoreTests.swift */ = {isa = PBXFileReference; lastKnownFileType = sourcecode.swift; path = KeychainStoreTests.swift; sourceTree = "<group>"; };
		A2C2FF55D845C10D3BE0E3E3 /* LogRedactorTests.swift */ = {isa = PBXFileReference; lastKnownFileType = sourcecode.swift; path = LogRedactorTests.swift; sourceTree = "<group>"; };
		A2CFF5D4BFEA56E8A79B4EE7 /* LogWriterTests.swift */ = {isa = PBXFileReference; lastKnownFileType = sourcecode.swift; path = LogWriterTests.swift; sourceTree = "<group>"; };
		A231B5EBCD77C6C38412541B /* PiCLIUpdateAdapterTests.swift */ = {isa = PBXFileReference; lastKnownFileType = sourcecode.swift; path = PiCLIUpdateAdapterTests.swift; sourceTree = "<group>"; };
		A257297A89B8484C82BBF30A /* PiPackageUpdateAdapterTests.swift */ = {isa = PBXFileReference; lastKnownFileType = sourcecode.swift; path = PiPackageUpdateAdapterTests.swift; sourceTree = "<group>"; };
		A2754C1941C957BA26532729 /* PiProcessInspectorTests.swift */ = {isa = PBXFileReference; lastKnownFileType = sourcecode.swift; path = PiProcessInspectorTests.swift; sourceTree = "<group>"; };
		A2D2852BA7C63B7973334231 /* PiWebUpdateAdapterTests.swift */ = {isa = PBXFileReference; lastKnownFileType = sourcecode.swift; path = PiWebUpdateAdapterTests.swift; sourceTree = "<group>"; };
		A27E0204630725C9436748BA /* ProcessInspectorTests.swift */ = {isa = PBXFileReference; lastKnownFileType = sourcecode.swift; path = ProcessInspectorTests.swift; sourceTree = "<group>"; };
		A26540DD472FF61D30CA1E68 /* QuitCoordinatorTests.swift */ = {isa = PBXFileReference; lastKnownFileType = sourcecode.swift; path = QuitCoordinatorTests.swift; sourceTree = "<group>"; };
		A2CD969486E905E8DFDD3BF0 /* QuitPolicyTests.swift */ = {isa = PBXFileReference; lastKnownFileType = sourcecode.swift; path = QuitPolicyTests.swift; sourceTree = "<group>"; };
		A25603ADADEF370647511754 /* RecentWorkspaceTests.swift */ = {isa = PBXFileReference; lastKnownFileType = sourcecode.swift; path = RecentWorkspaceTests.swift; sourceTree = "<group>"; };
		A2F0A11D5E3C4B7A9D2E6F11 /* ServiceAddressesTests.swift */ = {isa = PBXFileReference; lastKnownFileType = sourcecode.swift; path = ServiceAddressesTests.swift; sourceTree = "<group>"; };
		A29A1C69F26D755905351A4A /* ServiceConfigurationTests.swift */ = {isa = PBXFileReference; lastKnownFileType = sourcecode.swift; path = ServiceConfigurationTests.swift; sourceTree = "<group>"; };
		A269C546B3C653BE69DC2E6C /* ServiceIntegrationTests.swift */ = {isa = PBXFileReference; lastKnownFileType = sourcecode.swift; path = ServiceIntegrationTests.swift; sourceTree = "<group>"; };
		A26F28F4586AB025900ECE85 /* ServiceManagerTests.swift */ = {isa = PBXFileReference; lastKnownFileType = sourcecode.swift; path = ServiceManagerTests.swift; sourceTree = "<group>"; };
		A2E72E78E76BF5311793BB19 /* ServiceOwnershipTests.swift */ = {isa = PBXFileReference; lastKnownFileType = sourcecode.swift; path = ServiceOwnershipTests.swift; sourceTree = "<group>"; };
		A286CCD74234ED9473174591 /* SourceScanSupport.swift */ = {isa = PBXFileReference; lastKnownFileType = sourcecode.swift; path = SourceScanSupport.swift; sourceTree = "<group>"; };
		A2444C99BC2D0FD922F920E7 /* ToolPathTests.swift */ = {isa = PBXFileReference; lastKnownFileType = sourcecode.swift; path = ToolPathTests.swift; sourceTree = "<group>"; };
		A2AFEE9831C9DDC27D69945D /* UpdateAbandonedAttemptTests.swift */ = {isa = PBXFileReference; lastKnownFileType = sourcecode.swift; path = UpdateAbandonedAttemptTests.swift; sourceTree = "<group>"; };
		A2AE4111813D7FA8B7D25E18 /* UpdateCheckerTests.swift */ = {isa = PBXFileReference; lastKnownFileType = sourcecode.swift; path = UpdateCheckerTests.swift; sourceTree = "<group>"; };
		A29853787D53D7CD60D71104 /* UpdateSettingsTests.swift */ = {isa = PBXFileReference; lastKnownFileType = sourcecode.swift; path = UpdateSettingsTests.swift; sourceTree = "<group>"; };
		A204A9DE54F3D35AA9278BE9 /* UpdateTransactionTests.swift */ = {isa = PBXFileReference; lastKnownFileType = sourcecode.swift; path = UpdateTransactionTests.swift; sourceTree = "<group>"; };
		A2309F5A73CA5EE7476625E0 /* UpdateVerifierTests.swift */ = {isa = PBXFileReference; lastKnownFileType = sourcecode.swift; path = UpdateVerifierTests.swift; sourceTree = "<group>"; };
		A204BEA9E557A28C47DAEDC7 /* WebViewNavigationPolicyTests.swift */ = {isa = PBXFileReference; lastKnownFileType = sourcecode.swift; path = WebViewNavigationPolicyTests.swift; sourceTree = "<group>"; };
		A2826BDA79B1AAA32727DE1A /* WorkspaceDirectoryTests.swift */ = {isa = PBXFileReference; lastKnownFileType = sourcecode.swift; path = WorkspaceDirectoryTests.swift; sourceTree = "<group>"; };
		A2C46BB34EB150CC0A6DD603 /* AppConfiguration.swift */ = {isa = PBXFileReference; lastKnownFileType = sourcecode.swift; path = AppConfiguration.swift; sourceTree = "<group>"; };
		A2F5A4E74C10F1CF4935D3DF /* AppDelegate+CLIUpdate.swift */ = {isa = PBXFileReference; lastKnownFileType = sourcecode.swift; path = "AppDelegate+CLIUpdate.swift"; sourceTree = "<group>"; };
		A2A80D26369FFF357DB30595 /* AppDelegate+Diagnostics.swift */ = {isa = PBXFileReference; lastKnownFileType = sourcecode.swift; path = "AppDelegate+Diagnostics.swift"; sourceTree = "<group>"; };
		A241F15FF9B692F682ABC049 /* AppDelegate+Menus.swift */ = {isa = PBXFileReference; lastKnownFileType = sourcecode.swift; path = "AppDelegate+Menus.swift"; sourceTree = "<group>"; };
		A28A5AE16016ED3F35B54989 /* AppDelegate+PackageUpdates.swift */ = {isa = PBXFileReference; lastKnownFileType = sourcecode.swift; path = "AppDelegate+PackageUpdates.swift"; sourceTree = "<group>"; };
		A2EE04D008B85FEA56D3315F /* AppDelegate+PreLaunchUpdates.swift */ = {isa = PBXFileReference; lastKnownFileType = sourcecode.swift; path = "AppDelegate+PreLaunchUpdates.swift"; sourceTree = "<group>"; };
		A27FC924F05C4452333CD9C5 /* AppDelegate+Quit.swift */ = {isa = PBXFileReference; lastKnownFileType = sourcecode.swift; path = "AppDelegate+Quit.swift"; sourceTree = "<group>"; };
		A245255F1F6FA7D13383780C /* AppDelegate+Service.swift */ = {isa = PBXFileReference; lastKnownFileType = sourcecode.swift; path = "AppDelegate+Service.swift"; sourceTree = "<group>"; };
		A2990BDD17567B129C7D755C /* AppDelegate+UpdateChecks.swift */ = {isa = PBXFileReference; lastKnownFileType = sourcecode.swift; path = "AppDelegate+UpdateChecks.swift"; sourceTree = "<group>"; };
		A252C2DF22B7328A41EDBF70 /* AppDelegate+Window.swift */ = {isa = PBXFileReference; lastKnownFileType = sourcecode.swift; path = "AppDelegate+Window.swift"; sourceTree = "<group>"; };
		A254391A87E1612BE554BF90 /* AppDelegate.swift */ = {isa = PBXFileReference; lastKnownFileType = sourcecode.swift; path = AppDelegate.swift; sourceTree = "<group>"; };
		A2EC2397BBBE7A5A3EFE3F97 /* AppPaths.swift */ = {isa = PBXFileReference; lastKnownFileType = sourcecode.swift; path = AppPaths.swift; sourceTree = "<group>"; };
		A2D805837C10530D1823D1F6 /* PreferencesWindowController.swift */ = {isa = PBXFileReference; lastKnownFileType = sourcecode.swift; path = PreferencesWindowController.swift; sourceTree = "<group>"; };
		A2E99068F10AAD7CBDE698ED /* QuitCoordinator.swift */ = {isa = PBXFileReference; lastKnownFileType = sourcecode.swift; path = QuitCoordinator.swift; sourceTree = "<group>"; };
		A2A0E30DF4B421EB142699DC /* QuitPolicy.swift */ = {isa = PBXFileReference; lastKnownFileType = sourcecode.swift; path = QuitPolicy.swift; sourceTree = "<group>"; };
		A249076FE37F6A1574EA9C24 /* RecentWorkspace.swift */ = {isa = PBXFileReference; lastKnownFileType = sourcecode.swift; path = RecentWorkspace.swift; sourceTree = "<group>"; };
		A2F0A11D5E3C4B7A9D2E6F10 /* ServiceAddresses.swift */ = {isa = PBXFileReference; lastKnownFileType = sourcecode.swift; path = ServiceAddresses.swift; sourceTree = "<group>"; };
		A28B2F77F66B77BC88683531 /* ServiceConfiguration.swift */ = {isa = PBXFileReference; lastKnownFileType = sourcecode.swift; path = ServiceConfiguration.swift; sourceTree = "<group>"; };
		A21F7CEA082DFF64EEC53145 /* WebViewController.swift */ = {isa = PBXFileReference; lastKnownFileType = sourcecode.swift; path = WebViewController.swift; sourceTree = "<group>"; };
		A2D883567669B5C4AED69166 /* WebViewNavigationPolicy.swift */ = {isa = PBXFileReference; lastKnownFileType = sourcecode.swift; path = WebViewNavigationPolicy.swift; sourceTree = "<group>"; };
		A29D02C9FAF08070C0551408 /* WorkspaceDirectory.swift */ = {isa = PBXFileReference; lastKnownFileType = sourcecode.swift; path = WorkspaceDirectory.swift; sourceTree = "<group>"; };
		A209F611745D4A6857FF5F97 /* main.swift */ = {isa = PBXFileReference; lastKnownFileType = sourcecode.swift; path = main.swift; sourceTree = "<group>"; };
		A2AD7C80F9025B8C755E4DF5 /* DiagnosticsClipboard.swift */ = {isa = PBXFileReference; lastKnownFileType = sourcecode.swift; path = DiagnosticsClipboard.swift; sourceTree = "<group>"; };
		A284354B23DBA7104579C2B6 /* DiagnosticsCollector.swift */ = {isa = PBXFileReference; lastKnownFileType = sourcecode.swift; path = DiagnosticsCollector.swift; sourceTree = "<group>"; };
		A245530F29EDFEB4849AE422 /* DiagnosticsWindowController.swift */ = {isa = PBXFileReference; lastKnownFileType = sourcecode.swift; path = DiagnosticsWindowController.swift; sourceTree = "<group>"; };
		A2453BE7D8D0535775110735 /* FirstLaunchDiagnostics.swift */ = {isa = PBXFileReference; lastKnownFileType = sourcecode.swift; path = FirstLaunchDiagnostics.swift; sourceTree = "<group>"; };
		A219CD7D75302C9FBF8F5793 /* LogRedactor.swift */ = {isa = PBXFileReference; lastKnownFileType = sourcecode.swift; path = LogRedactor.swift; sourceTree = "<group>"; };
		A2BF430A3BBC660BAADE2421 /* LogWriter.swift */ = {isa = PBXFileReference; lastKnownFileType = sourcecode.swift; path = LogWriter.swift; sourceTree = "<group>"; };
		A2C39B9135BFB737610C27E3 /* CommandRunning.swift */ = {isa = PBXFileReference; lastKnownFileType = sourcecode.swift; path = CommandRunning.swift; sourceTree = "<group>"; };
		A2FEC86366205D4F208D64FC /* DependencyChecker.swift */ = {isa = PBXFileReference; lastKnownFileType = sourcecode.swift; path = DependencyChecker.swift; sourceTree = "<group>"; };
		A2551F39BF129B7449A32288 /* DependencyModel.swift */ = {isa = PBXFileReference; lastKnownFileType = sourcecode.swift; path = DependencyModel.swift; sourceTree = "<group>"; };
		A2775067EAFA427A76EE6C18 /* DependencyProbing.swift */ = {isa = PBXFileReference; lastKnownFileType = sourcecode.swift; path = DependencyProbing.swift; sourceTree = "<group>"; };
		A2E367A802B9DF373FDAAD50 /* DependencyReportPresenter.swift */ = {isa = PBXFileReference; lastKnownFileType = sourcecode.swift; path = DependencyReportPresenter.swift; sourceTree = "<group>"; };
		A2B76AB7C790153E8F74AE1F /* InstallCommandManifest.swift */ = {isa = PBXFileReference; lastKnownFileType = sourcecode.swift; path = InstallCommandManifest.swift; sourceTree = "<group>"; };
		A2A8A944616A6CF8DAFF35B7 /* KeychainStore.swift */ = {isa = PBXFileReference; lastKnownFileType = sourcecode.swift; path = KeychainStore.swift; sourceTree = "<group>"; };
		A2F0A11D5E3C4B7A9D2E6F17 /* SystemProxyWarning.swift */ = {isa = PBXFileReference; lastKnownFileType = sourcecode.swift; path = SystemProxyWarning.swift; sourceTree = "<group>"; };
		A2F0A11D5E3C4B7A9D2E6F19 /* SystemProxyWarningTests.swift */ = {isa = PBXFileReference; lastKnownFileType = sourcecode.swift; path = SystemProxyWarningTests.swift; sourceTree = "<group>"; };
		A2CD7FFFE17CB2CB6A1F0BC1 /* PiProcessInspector.swift */ = {isa = PBXFileReference; lastKnownFileType = sourcecode.swift; path = PiProcessInspector.swift; sourceTree = "<group>"; };
		A2AEFCCE10A48FBCB170D43B /* PiProcessProbe.swift */ = {isa = PBXFileReference; lastKnownFileType = sourcecode.swift; path = PiProcessProbe.swift; sourceTree = "<group>"; };
		A2C89E5FEFCB4246FD0A0A59 /* PiProcessRecord.swift */ = {isa = PBXFileReference; lastKnownFileType = sourcecode.swift; path = PiProcessRecord.swift; sourceTree = "<group>"; };
		A28664344B3CC1E79DFA378A /* ProcessInspector.swift */ = {isa = PBXFileReference; lastKnownFileType = sourcecode.swift; path = ProcessInspector.swift; sourceTree = "<group>"; };
		A200D1B590CC43B77F8ED585 /* ServiceLaunching.swift */ = {isa = PBXFileReference; lastKnownFileType = sourcecode.swift; path = ServiceLaunching.swift; sourceTree = "<group>"; };
		A2C1805FF61234408D1502B0 /* ServiceManager.swift */ = {isa = PBXFileReference; lastKnownFileType = sourcecode.swift; path = ServiceManager.swift; sourceTree = "<group>"; };
		A21D445054730A358B09D7B8 /* ServiceOwnership.swift */ = {isa = PBXFileReference; lastKnownFileType = sourcecode.swift; path = ServiceOwnership.swift; sourceTree = "<group>"; };
		A22448F48136C5F9C46ED68C /* ServiceScheduling.swift */ = {isa = PBXFileReference; lastKnownFileType = sourcecode.swift; path = ServiceScheduling.swift; sourceTree = "<group>"; };
		A2832A15D1F6F01F89114AF6 /* SystemCommandRunner.swift */ = {isa = PBXFileReference; lastKnownFileType = sourcecode.swift; path = SystemCommandRunner.swift; sourceTree = "<group>"; };
		A2EF4A1B2AF33629F11507CE /* ToolPath.swift */ = {isa = PBXFileReference; lastKnownFileType = sourcecode.swift; path = ToolPath.swift; sourceTree = "<group>"; };
		A2F78D68F16B417601E2BD53 /* NonEmptyString.swift */ = {isa = PBXFileReference; lastKnownFileType = sourcecode.swift; path = NonEmptyString.swift; sourceTree = "<group>"; };
		A2FC9ADD61D0C3244849E346 /* SemanticVersion.swift */ = {isa = PBXFileReference; lastKnownFileType = sourcecode.swift; path = SemanticVersion.swift; sourceTree = "<group>"; };
		A22832497C0F7F2B717A6E8B /* ComponentInstallationDetector.swift */ = {isa = PBXFileReference; lastKnownFileType = sourcecode.swift; path = ComponentInstallationDetector.swift; sourceTree = "<group>"; };
		A2CACEA840501662082DEFF5 /* ComponentInstallationModel.swift */ = {isa = PBXFileReference; lastKnownFileType = sourcecode.swift; path = ComponentInstallationModel.swift; sourceTree = "<group>"; };
		A29CA71032C2DBF55E6CA1B0 /* ComponentSourceResolver.swift */ = {isa = PBXFileReference; lastKnownFileType = sourcecode.swift; path = ComponentSourceResolver.swift; sourceTree = "<group>"; };
		A2801DD8EC476C024AE8BBA2 /* PiCLIUpdateCommand.swift */ = {isa = PBXFileReference; lastKnownFileType = sourcecode.swift; path = PiCLIUpdateCommand.swift; sourceTree = "<group>"; };
		A26EF022895A1305A95F7085 /* PiCLIUpdateCoordinator.swift */ = {isa = PBXFileReference; lastKnownFileType = sourcecode.swift; path = PiCLIUpdateCoordinator.swift; sourceTree = "<group>"; };
		A273E860A3967960F810AE88 /* PiCLIUpdateModel.swift */ = {isa = PBXFileReference; lastKnownFileType = sourcecode.swift; path = PiCLIUpdateModel.swift; sourceTree = "<group>"; };
		A237AAF11D4B7ECB7E100E3F /* PiCLIUpdatePlanner.swift */ = {isa = PBXFileReference; lastKnownFileType = sourcecode.swift; path = PiCLIUpdatePlanner.swift; sourceTree = "<group>"; };
		A274FB979C950F5CF722CD81 /* PiCLIUpdateStatus.swift */ = {isa = PBXFileReference; lastKnownFileType = sourcecode.swift; path = PiCLIUpdateStatus.swift; sourceTree = "<group>"; };
		A23D07EDD46DD938D93C2633 /* PiPackageUpdateCommand.swift */ = {isa = PBXFileReference; lastKnownFileType = sourcecode.swift; path = PiPackageUpdateCommand.swift; sourceTree = "<group>"; };
		A2DD22D85460D0772CCF9CD0 /* PiPackageUpdateCoordinator.swift */ = {isa = PBXFileReference; lastKnownFileType = sourcecode.swift; path = PiPackageUpdateCoordinator.swift; sourceTree = "<group>"; };
		A269C635F5989E590104BFA3 /* PiPackageUpdateModel.swift */ = {isa = PBXFileReference; lastKnownFileType = sourcecode.swift; path = PiPackageUpdateModel.swift; sourceTree = "<group>"; };
		A2E0C7F13D84FA06809ED257 /* PiPackageUpdatePlanner.swift */ = {isa = PBXFileReference; lastKnownFileType = sourcecode.swift; path = PiPackageUpdatePlanner.swift; sourceTree = "<group>"; };
		A2A26C3EEF431D3DEF613488 /* PiPackageUpdateStatus.swift */ = {isa = PBXFileReference; lastKnownFileType = sourcecode.swift; path = PiPackageUpdateStatus.swift; sourceTree = "<group>"; };
		A26BC135FE36CCDF822D8AB2 /* PiWebChildProcess.swift */ = {isa = PBXFileReference; lastKnownFileType = sourcecode.swift; path = PiWebChildProcess.swift; sourceTree = "<group>"; };
		A2C6D86CA1BEBC54DA4D412A /* PiWebUpdateCoordinator.swift */ = {isa = PBXFileReference; lastKnownFileType = sourcecode.swift; path = PiWebUpdateCoordinator.swift; sourceTree = "<group>"; };
		A2AE9513933A39AAADE9CABC /* PiWebUpdateInstaller.swift */ = {isa = PBXFileReference; lastKnownFileType = sourcecode.swift; path = PiWebUpdateInstaller.swift; sourceTree = "<group>"; };
		A24660BBCBE76796F6CED0E1 /* PiWebUpdateModel.swift */ = {isa = PBXFileReference; lastKnownFileType = sourcecode.swift; path = PiWebUpdateModel.swift; sourceTree = "<group>"; };
		A2C56C4BDA55D5302B97E809 /* PiWebUpdatePlanner.swift */ = {isa = PBXFileReference; lastKnownFileType = sourcecode.swift; path = PiWebUpdatePlanner.swift; sourceTree = "<group>"; };
		A2628D24ADB7A968413B2897 /* UpdateAbandonedAttempt.swift */ = {isa = PBXFileReference; lastKnownFileType = sourcecode.swift; path = UpdateAbandonedAttempt.swift; sourceTree = "<group>"; };
		A2F1D82CB5E0C5D6D9B2D756 /* UpdateArtifactFingerprint.swift */ = {isa = PBXFileReference; lastKnownFileType = sourcecode.swift; path = UpdateArtifactFingerprint.swift; sourceTree = "<group>"; };
		A2A67DF77416BBB06B9A11AB /* UpdateArtifactProbe.swift */ = {isa = PBXFileReference; lastKnownFileType = sourcecode.swift; path = UpdateArtifactProbe.swift; sourceTree = "<group>"; };
		A2E99BEF00D2B068B200C61F /* UpdateCheckCache.swift */ = {isa = PBXFileReference; lastKnownFileType = sourcecode.swift; path = UpdateCheckCache.swift; sourceTree = "<group>"; };
		A27D512BC7DB608519F18182 /* UpdateCheckEndpoint.swift */ = {isa = PBXFileReference; lastKnownFileType = sourcecode.swift; path = UpdateCheckEndpoint.swift; sourceTree = "<group>"; };
		A2D6D2675FC1B56B29827CE1 /* UpdateCheckModel.swift */ = {isa = PBXFileReference; lastKnownFileType = sourcecode.swift; path = UpdateCheckModel.swift; sourceTree = "<group>"; };
		A2631291937B6E5F6DFC74FA /* UpdateCheckOutcome.swift */ = {isa = PBXFileReference; lastKnownFileType = sourcecode.swift; path = UpdateCheckOutcome.swift; sourceTree = "<group>"; };
		A2D44C558F136323AF599596 /* UpdateCheckParsing.swift */ = {isa = PBXFileReference; lastKnownFileType = sourcecode.swift; path = UpdateCheckParsing.swift; sourceTree = "<group>"; };
		A2276FF545F18035E20E3B1A /* UpdateCheckResult.swift */ = {isa = PBXFileReference; lastKnownFileType = sourcecode.swift; path = UpdateCheckResult.swift; sourceTree = "<group>"; };
		A2645264B6E501E347E8FB86 /* UpdateCheckScheduling.swift */ = {isa = PBXFileReference; lastKnownFileType = sourcecode.swift; path = UpdateCheckScheduling.swift; sourceTree = "<group>"; };
		A242AC9B8F36935D71E7A1DC /* UpdateChecker.swift */ = {isa = PBXFileReference; lastKnownFileType = sourcecode.swift; path = UpdateChecker.swift; sourceTree = "<group>"; };
		A2C7698AD935B6C5D455DDDA /* UpdateHistory.swift */ = {isa = PBXFileReference; lastKnownFileType = sourcecode.swift; path = UpdateHistory.swift; sourceTree = "<group>"; };
		A23BE29B8C31E75D359DCB19 /* UpdateRollback.swift */ = {isa = PBXFileReference; lastKnownFileType = sourcecode.swift; path = UpdateRollback.swift; sourceTree = "<group>"; };
		A2D2A1D1B9CA6D744CC52FAF /* UpdateSettingsModel.swift */ = {isa = PBXFileReference; lastKnownFileType = sourcecode.swift; path = UpdateSettingsModel.swift; sourceTree = "<group>"; };
		A20A0F58A6A4DF03F02ED318 /* UpdateSettingsWindowController.swift */ = {isa = PBXFileReference; lastKnownFileType = sourcecode.swift; path = UpdateSettingsWindowController.swift; sourceTree = "<group>"; };
		A2DB502E0751BFE28097F62E /* UpdateStatusPresenter.swift */ = {isa = PBXFileReference; lastKnownFileType = sourcecode.swift; path = UpdateStatusPresenter.swift; sourceTree = "<group>"; };
		A2D7B7D4DBCA92E750C3B10C /* UpdateTransactionJournal.swift */ = {isa = PBXFileReference; lastKnownFileType = sourcecode.swift; path = UpdateTransactionJournal.swift; sourceTree = "<group>"; };
		A27C5A5DD352FC57DCD0F433 /* UpdateTransactionModel.swift */ = {isa = PBXFileReference; lastKnownFileType = sourcecode.swift; path = UpdateTransactionModel.swift; sourceTree = "<group>"; };
		A27B7F350C067D0ADAAE7348 /* UpdateVerifier.swift */ = {isa = PBXFileReference; lastKnownFileType = sourcecode.swift; path = UpdateVerifier.swift; sourceTree = "<group>"; };
		A20000000000000000000005 /* ApplicationIcon.icns */ = {isa = PBXFileReference; lastKnownFileType = image.icns; path = ApplicationIcon.icns; sourceTree = "<group>"; };
		A20000000000000000000007 /* PiWebDesktop.app */ = {isa = PBXFileReference; explicitFileType = wrapper.application; includeInIndex = 0; path = PiWebDesktop.app; sourceTree = BUILT_PRODUCTS_DIR; };
		A20000000000000000000008 /* PiWebDesktopTests.xctest */ = {isa = PBXFileReference; explicitFileType = wrapper.cfbundle; includeInIndex = 0; path = PiWebDesktopTests.xctest; sourceTree = BUILT_PRODUCTS_DIR; };
		A20000000000000000000009 /* AppIdentity.xcconfig */ = {isa = PBXFileReference; lastKnownFileType = text.xcconfig; path = AppIdentity.xcconfig; sourceTree = "<group>"; };
/* End PBXFileReference section */

/* Begin PBXFrameworksBuildPhase section */
		A30000000000000000000001 /* Frameworks */ = {isa = PBXFrameworksBuildPhase; buildActionMask = 2147483647; files = (); runOnlyForDeploymentPostprocessing = 0; };
		A30000000000000000000002 /* Frameworks */ = {isa = PBXFrameworksBuildPhase; buildActionMask = 2147483647; files = (); runOnlyForDeploymentPostprocessing = 0; };
/* End PBXFrameworksBuildPhase section */

/* Begin PBXGroup section */
		A40000000000000000000001 = {isa = PBXGroup; children = (A40000000000000000000002, A40000000000000000000003, A40000000000000000000004, A40000000000000000000005, A40000000000000000000006); sourceTree = "<group>"; };
		A491468586F9881985D065A0 /* App */ = {isa = PBXGroup; children = (A2C46BB34EB150CC0A6DD603, A2F5A4E74C10F1CF4935D3DF, A2A80D26369FFF357DB30595, A241F15FF9B692F682ABC049, A28A5AE16016ED3F35B54989, A2EE04D008B85FEA56D3315F, A27FC924F05C4452333CD9C5, A245255F1F6FA7D13383780C, A2990BDD17567B129C7D755C, A252C2DF22B7328A41EDBF70, A254391A87E1612BE554BF90, A2EC2397BBBE7A5A3EFE3F97, A2D805837C10530D1823D1F6, A2E99068F10AAD7CBDE698ED, A2A0E30DF4B421EB142699DC, A249076FE37F6A1574EA9C24, A2F0A11D5E3C4B7A9D2E6F10, A28B2F77F66B77BC88683531, A21F7CEA082DFF64EEC53145, A2D883567669B5C4AED69166, A29D02C9FAF08070C0551408, A209F611745D4A6857FF5F97); path = App; sourceTree = "<group>"; };
		A414960C0E2F2103BB572FE7 /* Diagnostics */ = {isa = PBXGroup; children = (A2AD7C80F9025B8C755E4DF5, A284354B23DBA7104579C2B6, A245530F29EDFEB4849AE422, A2453BE7D8D0535775110735, A219CD7D75302C9FBF8F5793, A2BF430A3BBC660BAADE2421); path = Diagnostics; sourceTree = "<group>"; };
		A4EF972FBDF6EB970E6AA4CC /* Services */ = {isa = PBXGroup; children = (A2C39B9135BFB737610C27E3, A2FEC86366205D4F208D64FC, A2551F39BF129B7449A32288, A2775067EAFA427A76EE6C18, A2E367A802B9DF373FDAAD50, A2B76AB7C790153E8F74AE1F, A2A8A944616A6CF8DAFF35B7, A2CD7FFFE17CB2CB6A1F0BC1, A2AEFCCE10A48FBCB170D43B, A2C89E5FEFCB4246FD0A0A59, A28664344B3CC1E79DFA378A, A200D1B590CC43B77F8ED585, A2C1805FF61234408D1502B0, A21D445054730A358B09D7B8, A22448F48136C5F9C46ED68C, A2832A15D1F6F01F89114AF6, A2EF4A1B2AF33629F11507CE, A2F0A11D5E3C4B7A9D2E6F17); path = Services; sourceTree = "<group>"; };
		A4B2ADD567ADCD61F9132728 /* Support */ = {isa = PBXGroup; children = (A2F78D68F16B417601E2BD53, A2FC9ADD61D0C3244849E346); path = Support; sourceTree = "<group>"; };
		A4349E69745A95838388E000 /* Updates */ = {isa = PBXGroup; children = (A22832497C0F7F2B717A6E8B, A2CACEA840501662082DEFF5, A29CA71032C2DBF55E6CA1B0, A2801DD8EC476C024AE8BBA2, A26EF022895A1305A95F7085, A273E860A3967960F810AE88, A237AAF11D4B7ECB7E100E3F, A274FB979C950F5CF722CD81, A23D07EDD46DD938D93C2633, A2DD22D85460D0772CCF9CD0, A269C635F5989E590104BFA3, A2E0C7F13D84FA06809ED257, A2A26C3EEF431D3DEF613488, A26BC135FE36CCDF822D8AB2, A2C6D86CA1BEBC54DA4D412A, A2AE9513933A39AAADE9CABC, A24660BBCBE76796F6CED0E1, A2C56C4BDA55D5302B97E809, A2628D24ADB7A968413B2897, A2F1D82CB5E0C5D6D9B2D756, A2A67DF77416BBB06B9A11AB, A2E99BEF00D2B068B200C61F, A27D512BC7DB608519F18182, A2D6D2675FC1B56B29827CE1, A2631291937B6E5F6DFC74FA, A2D44C558F136323AF599596, A2276FF545F18035E20E3B1A, A2645264B6E501E347E8FB86, A242AC9B8F36935D71E7A1DC, A2C7698AD935B6C5D455DDDA, A23BE29B8C31E75D359DCB19, A2D2A1D1B9CA6D744CC52FAF, A20A0F58A6A4DF03F02ED318, A2DB502E0751BFE28097F62E, A2D7B7D4DBCA92E750C3B10C, A27C5A5DD352FC57DCD0F433, A27B7F350C067D0ADAAE7348); path = Updates; sourceTree = "<group>"; };
		A40000000000000000000002 /* Sources */ = {isa = PBXGroup; children = (A491468586F9881985D065A0, A414960C0E2F2103BB572FE7, A4EF972FBDF6EB970E6AA4CC, A4B2ADD567ADCD61F9132728, A4349E69745A95838388E000); path = Sources; sourceTree = "<group>"; };
		A40000000000000000000003 /* Resources */ = {isa = PBXGroup; children = (A20000000000000000000005); path = Resources; sourceTree = "<group>"; };
		A40000000000000000000004 /* PiWebDesktopTests */ = {isa = PBXGroup; children = (A2B60C1560EF73D62ADA92EA, A244D350F5FBA40AED7FD421, A24BCDCB2AE369C7FCECAA5C, A25FD7AF838E0F2E5783AF04, A2AF28B8E9920F77F066763A, A2489EA3F320C4834711E252, A2C2FF55D845C10D3BE0E3E3, A2CFF5D4BFEA56E8A79B4EE7, A231B5EBCD77C6C38412541B, A257297A89B8484C82BBF30A, A2754C1941C957BA26532729, A2D2852BA7C63B7973334231, A27E0204630725C9436748BA, A26540DD472FF61D30CA1E68, A2CD969486E905E8DFDD3BF0, A25603ADADEF370647511754, A2F0A11D5E3C4B7A9D2E6F11, A29A1C69F26D755905351A4A, A269C546B3C653BE69DC2E6C, A26F28F4586AB025900ECE85, A2E72E78E76BF5311793BB19, A286CCD74234ED9473174591, A2444C99BC2D0FD922F920E7, A2AFEE9831C9DDC27D69945D, A2AE4111813D7FA8B7D25E18, A29853787D53D7CD60D71104, A204A9DE54F3D35AA9278BE9, A2309F5A73CA5EE7476625E0, A204BEA9E557A28C47DAEDC7, A2826BDA79B1AAA32727DE1A, A2F0A11D5E3C4B7A9D2E6F19); path = PiWebDesktopTests; sourceTree = "<group>"; };
		A40000000000000000000005 /* Products */ = {isa = PBXGroup; children = (A20000000000000000000007, A20000000000000000000008); name = Products; sourceTree = "<group>"; };
		A40000000000000000000006 /* Configuration */ = {isa = PBXGroup; children = (A20000000000000000000009); path = Configuration; sourceTree = "<group>"; };
/* End PBXGroup section */

/* Begin PBXNativeTarget section */
		A50000000000000000000001 /* PiWebDesktop */ = {isa = PBXNativeTarget; buildConfigurationList = A60000000000000000000001; buildPhases = (A30000000000000000000003, A30000000000000000000004, A30000000000000000000001); buildRules = (); dependencies = (); name = PiWebDesktop; productName = PiWebDesktop; productReference = A20000000000000000000007; productType = "com.apple.product-type.application"; };
		A50000000000000000000002 /* PiWebDesktopTests */ = {isa = PBXNativeTarget; buildConfigurationList = A60000000000000000000002; buildPhases = (A30000000000000000000005, A30000000000000000000002); buildRules = (); dependencies = (); name = PiWebDesktopTests; productName = PiWebDesktopTests; productReference = A20000000000000000000008; productType = "com.apple.product-type.bundle.unit-test"; };
/* End PBXNativeTarget section */

/* Begin PBXProject section */
		A80000000000000000000001 /* Project object */ = {isa = PBXProject; attributes = { LastUpgradeCheck = 1600; ORGANIZATIONNAME = "su-luoya"; TargetAttributes = { A50000000000000000000001 = { CreatedOnToolsVersion = 16.0; }; A50000000000000000000002 = { CreatedOnToolsVersion = 16.0; }; }; }; buildConfigurationList = A60000000000000000000003; compatibilityVersion = "Xcode 15.0"; developmentRegion = zh_CN; hasScannedForEncodings = 0; knownRegions = (en, zh_CN); mainGroup = A40000000000000000000001; productRefGroup = A40000000000000000000005; projectDirPath = ""; projectRoot = ""; targets = (A50000000000000000000001, A50000000000000000000002); };
/* End PBXProject section */

/* Begin PBXResourcesBuildPhase section */
		A30000000000000000000004 /* Resources */ = {isa = PBXResourcesBuildPhase; buildActionMask = 2147483647; files = (A10000000000000000000005); runOnlyForDeploymentPostprocessing = 0; };
/* End PBXResourcesBuildPhase section */

/* Begin PBXBuildPhase section */
/* Test Sources intentionally omits: AppDelegate+CLIUpdate.swift, AppDelegate+Diagnostics.swift, AppDelegate+Menus.swift, AppDelegate+PackageUpdates.swift, AppDelegate+PreLaunchUpdates.swift, AppDelegate+Quit.swift, AppDelegate+Service.swift, AppDelegate+UpdateChecks.swift, AppDelegate+Window.swift, AppDelegate.swift, PreferencesWindowController.swift, WebViewController.swift, main.swift, DiagnosticsClipboard.swift, DiagnosticsWindowController.swift, UpdateSettingsWindowController.swift */
		A30000000000000000000003 /* Sources */ = {isa = PBXSourcesBuildPhase; buildActionMask = 2147483647; files = (A100AEA924DA383CCBDB5F96, A108E4503B73026C168C720F, A109F8063A7053612841068F, A10CD8494D4C909B9DA4E332, A11620DB2403ED5CA7DD11EB, A11959649197F167C89AD2AD, A1199AB20E1FE341E2163781, A119A67012D8D5DBF50B2F1E, A11C0B1006B1DC1BABB5EAC8, A12315CF4403738C1E1112A7, A1239CEBF23B7DFEE57A591C, A125C1CE7015B36C5EEE4A0F, A128BC093679D2579049ECB6, A12A6B451399B16BDD05EA7B, A12AF7C52B0329CA79729AEE, A12B6F741AD6851E1129B98A, A12DC1D7EA63D35E6827FA6B, A1373F5AE670222FCDD722AB, A138AEFEFDCA9FC70E17502F, A1391C52D681E8F92BD37836, A14B27E95EFBD1A50BB3F8D1, A158B2E713EB765B26169117, A15CC594343103B1EC8541D1, A16108B468D0EEB0EF15B0CE, A162643A1B00B74CF0177573, A163D9652F96EBCC373100D2, A16713BC586D27C80459BE4B, A167E31CE61D66FB6CF35312, A169A89C62E6213FC19F4C9C, A16DA0AD2F02B806AECA5F39, A16E1E79B4856DA40933A2BE, A170629A6B4E954D6D350475, A17105984255C59E3139A4ED, A1733E92DEACD2FADA6ED7CE, A17591DB9DD2E36FB2C47967, A1771751A82BFA23BEFA3704, A17A9CDB4EE8B0460E159360, A17CE3062B1E27D7CF3A8A70, A17F364BC488014A8C3CB03C, A1811619DD7E71081D6D34AC, A186B65FE93B14102B3ED572, A1871549530B3DC78ECA79B0, A18A51F5613FE66458AF3AA6, A19484E56151F529EB517EE4, A198A09653F21FE1B7B22FDF, A198A7DD9B8CB8001F9D7F93, A19C7FAE9E0D3C02291EF804, A19F964312826C34C92BD5A0, A1A2AB48569618D9C741AA42, A1A3855546C51ADC5B3BC750, A1A5667EA647A34071B65F95, A1A80CB6D7D1859F29578348, A1A838FC74C3FA89901F4577, A1AD68AA909625B49F75E1B4, A1ADE6E5E744AA430E8E40F9, A1B0858F8EDCF95E3A1D7AB4, A1B31EF71A770E120CE017E7, A1B4CF45D1618C8C5117B9C5, A1B8B23D08F8146AED783189, A1BA0A53A3BD95F1EAF2AD22, A1BA0DDD2830CC8822E209D7, A1BBB943AE25A4FBC73D7715, A1BDBECDA7B138BE17D7030B, A1C14A6E49D313C8F4DA35C1, A1C2B853AEAF28A77C238C27, A1C6CCEBEE3A6C144EF4D132, A1CA338D2D91347BEE7FB867, A1CB8D97930E5A186D0137BA, A1CCEF36C5903C525A3B423F, A1D410841523893DAEBEC005, A1D4648DE7039E1861E16C77, A1D5DD3D80AD8C97167FE8E6, A1D894C6E4ED430BC8585190, A1D89F2E58B94EF3A2BF3F97, A1D91E624C555758548E2D3E, A1DFF141207C4A78CE84AB3F, A1E80BCC06A883E3501AF400, A1E87F49C7DCADD9EF23A8B7, A1F0A11D5E3C4B7A9D2E6F12, A1F0F3AC324B679DB642ED51, A1F1B29813195E11FFE3DB09, A1F51C0611D1B7F8EC5432AD, A1F7A7B6AA86D31B294D6076, A1F7CB5299FE3A5B428480C4, A1F0A11D5E3C4B7A9D2E6F15); runOnlyForDeploymentPostprocessing = 0; };
		A30000000000000000000005 /* Test Sources */ = {isa = PBXSourcesBuildPhase; buildActionMask = 2147483647; files = (A10039E9BBFE873274F555BA, A100D158C35F5CC71F161684, A106A305073A9FC773164952, A10720FA48E84281746AE14A, A1074BB5E739C98B657E2209, A10C388F33A1795D2C572E7E, A10D9712958394652F3C8247, A10E9F2164996AE75E5A93E2, A1120D03B75C7B30B595A365, A112E9CE28E973DF9B6567FD, A1132A69FF51CA6F9FF6B8BD, A120F181C8966946AD1860C5, A129118A275057A04E33E06E, A12AC37F2A09DE8C503A6677, A12ADDF9A94C2E39C4F7B554, A130DF050C29AC54CF30FFFF, A1340D2207A5B416BA38C68A, A1358ADB42A6091BCB3E9620, A136B63DCA3EF69996261569, A13858646BAC1D7FCE67ECEB, A139060EEEE961C134F5240B, A139E6EE7DB6C4C8FE3B88DD, A13B1BAA5EDD321EC94825D1, A13D0E328F4AE3BC367660C8, A13D208711AFF06075B73E56, A140408D6CF8F2261144CC08, A14283EC88AC33016FDA16E5, A1444C1712CB4E137B02CB61, A145EF3444A22CDEE8C9D9F6, A148464D8A116A2FCB5E6736, A14A18242296DE20D4B08CB5, A14A19914E66A0768B88CFB9, A14BF6AFF08645AD7FD7F577, A14C2815D7CB7F40B1AFAD51, A14C9D49A267CF6F317F9D56, A14CD9D944254B09345F79F8, A14E7C21CD2EEA19B27E4FAF, A151F0F62C7D405AFC832130, A15B1B2F45E38711F6DE078A, A164F7F5DEE1713BEC48BF55, A1684286A058C5FA27551B07, A169B96030D3547A8B3D226B, A175D96BEE754A8384AC3B0D, A1761C48BF9BD86077E939E4, A176CAFA043248E03F21CA33, A179FAE200D076785CDBE02E, A17A4820B172E84C63B0F950, A17B29F2981CF1A52657E138, A17D0AF36BEEECD3E674714E, A17D3BB455B7B7565FF0A58A, A17F3550615E915F1613549C, A184B7634BC6822D18A2E396, A185AB6529FC7FBC1610B8C3, A187C2B7B18CA91B2E1051B3, A189A831A3DE3A14747AE803, A18BFEC5FDE2C48633DA7400, A198354516B9069D130758D3, A19C41E0049960CD901DB959, A19DB938416B5F1659665219, A19E53C321243CB2E1960059, A1A005F30EE74EBC4E968560, A1A43D13129F20800AD45DC2, A1A83791B3DC532B07FB1831, A1A92634956BE79A9760EEE1, A1A9477A4C9795E03EE729B1, A1AA82ACF8FBF436E6129194, A1AA85F79876F4E75B2EF2B8, A1AA9FF2709E8D54143C3DB6, A1AE01270E64191A27D51AF7, A1B1A1DBCD22DD04C1223D49, A1B1D44DF228A2FCABD7FD56, A1B2CCE10CA09DAB590CAA78, A1B33A843C7FA9A6E5C9FFD5, A1BB19893A910DF7076CACBF, A1BE98239B1E82E5F0C8393C, A1BF07DD1141F44A711D92A8, A1C023543F22276DD8C32FBD, A1C43AF16791F0CD5964F9D8, A1C9CF1734687EFFC1457404, A1CAC98CB32689222F97218A, A1CE0A0520698A79A80143A1, A1CE31A14351638D8CA2FBE1, A1D986C9E71A8BB2CA4792B0, A1DF363F98B369B39393A8ED, A1E075BB36E9C0CB68B06A68, A1E9BBCE9F1744ADBF5EFE99, A1EBC5899352CD1615A5108C, A1EEA265D23F5B60A3936EB2, A1F0A11D5E3C4B7A9D2E6F13, A1F0A11D5E3C4B7A9D2E6F14, A1F1FA4FC77221EC3D06E4C3, A1F20ABA332DC7208F749DE0, A1F46A36EAAF97AF05EF65E7, A1F5AAB748B5A049617BADC2, A1F710F872CC32BBFC6FFDA2, A1FAFFCA43F78E869EB88B53, A1FC2191A111441D5A4B1FEE, A1FE9FD10826F20089B0503B, A1F0A11D5E3C4B7A9D2E6F16, A1F0A11D5E3C4B7A9D2E6F18); runOnlyForDeploymentPostprocessing = 0; };
/* End PBXBuildPhase section */

/* Begin XCBuildConfiguration section */
		A90000000000000000000001 = {isa = XCBuildConfiguration; baseConfigurationReference = A20000000000000000000009 /* AppIdentity.xcconfig */; buildSettings = { ALWAYS_SEARCH_USER_PATHS = NO; ARCHS = arm64; CLANG_ENABLE_MODULES = YES; CODE_SIGN_IDENTITY = "-"; CODE_SIGN_STYLE = Manual; GENERATE_INFOPLIST_FILE = YES; INFOPLIST_KEY_CFBundleDocumentTypes = ({ CFBundleTypeName = Folder; CFBundleTypeRole = Editor; LSItemContentTypes = ("public.folder"); }); INFOPLIST_KEY_LSApplicationCategoryType = "public.app-category.developer-tools"; INFOPLIST_KEY_NSHumanReadableCopyright = ""; INFOPLIST_KEY_NSHighResolutionCapable = YES; SDKROOT = macosx; SWIFT_VERSION = 5.0; }; name = Debug; };
		A90000000000000000000002 = {isa = XCBuildConfiguration; baseConfigurationReference = A20000000000000000000009 /* AppIdentity.xcconfig */; buildSettings = { ALWAYS_SEARCH_USER_PATHS = NO; ARCHS = arm64; CLANG_ENABLE_MODULES = YES; CODE_SIGN_IDENTITY = "-"; CODE_SIGN_STYLE = Manual; GENERATE_INFOPLIST_FILE = YES; INFOPLIST_KEY_CFBundleDisplayName = "$(APP_TEST_DISPLAY_NAME)"; PRODUCT_BUNDLE_IDENTIFIER = "$(APP_TEST_BUNDLE_IDENTIFIER)"; PRODUCT_NAME = "$(TARGET_NAME)"; SDKROOT = macosx; SWIFT_VERSION = 5.0; }; name = Debug; };
		A90000000000000000000004 = {isa = XCBuildConfiguration; baseConfigurationReference = A20000000000000000000009 /* AppIdentity.xcconfig */; buildSettings = { ALWAYS_SEARCH_USER_PATHS = NO; ARCHS = arm64; CLANG_ENABLE_MODULES = YES; CODE_SIGN_IDENTITY = "-"; CODE_SIGN_STYLE = Manual; GENERATE_INFOPLIST_FILE = YES; INFOPLIST_KEY_CFBundleDocumentTypes = ({ CFBundleTypeName = Folder; CFBundleTypeRole = Editor; LSItemContentTypes = ("public.folder"); }); INFOPLIST_KEY_LSApplicationCategoryType = "public.app-category.developer-tools"; INFOPLIST_KEY_NSHumanReadableCopyright = ""; INFOPLIST_KEY_NSHighResolutionCapable = YES; SDKROOT = macosx; SWIFT_VERSION = 5.0; }; name = Release; };
		A90000000000000000000005 = {isa = XCBuildConfiguration; baseConfigurationReference = A20000000000000000000009 /* AppIdentity.xcconfig */; buildSettings = { ALWAYS_SEARCH_USER_PATHS = NO; ARCHS = arm64; CLANG_ENABLE_MODULES = YES; CODE_SIGN_IDENTITY = "-"; CODE_SIGN_STYLE = Manual; GENERATE_INFOPLIST_FILE = YES; INFOPLIST_KEY_CFBundleDisplayName = "$(APP_TEST_DISPLAY_NAME)"; PRODUCT_BUNDLE_IDENTIFIER = "$(APP_TEST_BUNDLE_IDENTIFIER)"; PRODUCT_NAME = "$(TARGET_NAME)"; SDKROOT = macosx; SWIFT_VERSION = 5.0; }; name = Release; };
		A90000000000000000000006 = {isa = XCBuildConfiguration; baseConfigurationReference = A20000000000000000000009 /* AppIdentity.xcconfig */; buildSettings = { ALWAYS_SEARCH_USER_PATHS = NO; ARCHS = arm64; CLANG_ENABLE_MODULES = YES; CODE_SIGN_IDENTITY = "-"; CODE_SIGN_STYLE = Manual; SDKROOT = macosx; SWIFT_VERSION = 5.0; }; name = Release; };
		A90000000000000000000003 = {isa = XCBuildConfiguration; baseConfigurationReference = A20000000000000000000009 /* AppIdentity.xcconfig */; buildSettings = { ALWAYS_SEARCH_USER_PATHS = NO; ARCHS = arm64; CLANG_ENABLE_MODULES = YES; CODE_SIGN_IDENTITY = "-"; CODE_SIGN_STYLE = Manual; SDKROOT = macosx; SWIFT_VERSION = 5.0; }; name = Debug; };
/* End XCBuildConfiguration section */

/* Begin XCConfigurationList section */
		A60000000000000000000001 = {isa = XCConfigurationList; buildConfigurations = (A90000000000000000000001, A90000000000000000000004); defaultConfigurationIsVisible = 0; defaultConfigurationName = Release; };
		A60000000000000000000002 = {isa = XCConfigurationList; buildConfigurations = (A90000000000000000000002, A90000000000000000000005); defaultConfigurationIsVisible = 0; defaultConfigurationName = Release; };
		A60000000000000000000003 = {isa = XCConfigurationList; buildConfigurations = (A90000000000000000000003, A90000000000000000000006); defaultConfigurationIsVisible = 0; defaultConfigurationName = Release; };
/* End XCConfigurationList section */
	};
	rootObject = A80000000000000000000001;
}
